// !$*UTF8*$!
{
	archiveVersion = 1;
	classes = {
	};
	objectVersion = 77;
	objects = {

/* Begin PBXBuildFile section */
		03EB45B1FFE5868B0653E16F /* ResultsFile.swift in Sources */ = {isa = PBXBuildFile; fileRef = 952C8BA810BF5FDC67DF259D /* ResultsFile.swift */; };
		04FB0C39B9A60E2B62710976 /* Assets.xcassets in Resources */ = {isa = PBXBuildFile; fileRef = B30D320FEBBA85BDF8EC7A4F /* Assets.xcassets */; };
		06A4CFEDC7146983E2305A8F /* RankerTests.swift in Sources */ = {isa = PBXBuildFile; fileRef = FD487981CBBF8C44D61938BB /* RankerTests.swift */; };
		18700AD6424BB82913D7E382 /* DownbeatExport.swift in Sources */ = {isa = PBXBuildFile; fileRef = 829EE2F8C8D00FB6BD62E196 /* DownbeatExport.swift */; };
		2ABBB3241344B53212BD04D3 /* EventClassifier.swift in Sources */ = {isa = PBXBuildFile; fileRef = A845FED20A605560CC21DB4A /* EventClassifier.swift */; };
		34B4D59778B45482B07FEE79 /* QueueView+Model.swift in Sources */ = {isa = PBXBuildFile; fileRef = 715B637F291B723A32F86486 /* QueueView+Model.swift */; };
		4A9031E5AE33243B77A5A3E3 /* ScoutService.swift in Sources */ = {isa = PBXBuildFile; fileRef = 637CE6DCB47850272BCB073A /* ScoutService.swift */; };
		5745D44FC39BED4239569B2F /* OvertureApp.swift in Sources */ = {isa = PBXBuildFile; fileRef = D9B0914E3F338108E97924DF /* OvertureApp.swift */; };
		57B5039B6CAA5732DF7AE178 /* QueueView.swift in Sources */ = {isa = PBXBuildFile; fileRef = 5B70E5FB7C632BC18DBABE7E /* QueueView.swift */; };
		5D1832C1333785994C5F20DB /* ReviewStatus.swift in Sources */ = {isa = PBXBuildFile; fileRef = 9E10A3A36DE78E73EF6EAE0B /* ReviewStatus.swift */; };
		5ED4B798A43C3E9F7B28EDCC /* DesignTokens.swift in Sources */ = {isa = PBXBuildFile; fileRef = A545056FEEAA77E0FFA0D2E6 /* DesignTokens.swift */; };
		6E193C64F2947CB03E7A7F42 /* ScoutServiceTests.swift in Sources */ = {isa = PBXBuildFile; fileRef = 75EF1A94243625631CFBC6E7 /* ScoutServiceTests.swift */; };
		73679705D41DA095CC9189DC /* Prospect.swift in Sources */ = {isa = PBXBuildFile; fileRef = 6C22E2042542477FF4D916B3 /* Prospect.swift */; };
		7E190456B52B9E5C862DBDE5 /* GroupNameMatch.swift in Sources */ = {isa = PBXBuildFile; fileRef = ABE40D9C39DD8B70A715F0F2 /* GroupNameMatch.swift */; };
		84F2B198166270B48CFCCBCF /* ProspectRowView.swift in Sources */ = {isa = PBXBuildFile; fileRef = 2D9834539BA47D783475B28C /* ProspectRowView.swift */; };
		92549E91C36C3AFFCA9118F6 /* HistoryMatch.swift in Sources */ = {isa = PBXBuildFile; fileRef = B075FC1DB65AFA2E46FD21A3 /* HistoryMatch.swift */; };
		A0AC29DD8EE01334319CAAD5 /* RootView.swift in Sources */ = {isa = PBXBuildFile; fileRef = 77C9D0C269C0084ADFE58328 /* RootView.swift */; };
		A8CD2E0531E96EFEA5557C36 /* ResultsImportTests.swift in Sources */ = {isa = PBXBuildFile; fileRef = 78AFDC7DC01B718B9C18B54C /* ResultsImportTests.swift */; };
		B2D2ED69408C169F9F1658C6 /* Ranker.swift in Sources */ = {isa = PBXBuildFile; fileRef = 295AFE7FD066E8FA04E4EC2D /* Ranker.swift */; };
		D1DA16CE093E998F279DC660 /* ProspectAssemblerTests.swift in Sources */ = {isa = PBXBuildFile; fileRef = 55D2CD6E3596C49C463321EA /* ProspectAssemblerTests.swift */; };
		D3D1FD57D74D4440175FCB03 /* QueueModelTests.swift in Sources */ = {isa = PBXBuildFile; fileRef = B1F488479D4DEA383519C548 /* QueueModelTests.swift */; };
		E2FCB5236D9D9C6A83D80373 /* EventClassifierTests.swift in Sources */ = {isa = PBXBuildFile; fileRef = DBC08DD66544C1916398438E /* EventClassifierTests.swift */; };
		E46CE1A0D702152776B43826 /* ResultsImporter.swift in Sources */ = {isa = PBXBuildFile; fileRef = AFE4D30240BCE6CB07CD1713 /* ResultsImporter.swift */; };
		E6D15D19508EDE0B6F3701AD /* WrapHStack.swift in Sources */ = {isa = PBXBuildFile; fileRef = 105BB4DA76C70DD7BD210835 /* WrapHStack.swift */; };
		E887FF57AD484D520F4726D9 /* ProspectAssembler.swift in Sources */ = {isa = PBXBuildFile; fileRef = 39078CF3F9C3902769283CB8 /* ProspectAssembler.swift */; };
		E953E2F9A05320E3CF28DD80 /* CarnegieExtractor.swift in Sources */ = {isa = PBXBuildFile; fileRef = 1277AABACF169CD59F453422 /* CarnegieExtractor.swift */; };
		EAC2553E7EBE5ECE02E367FD /* MatchingTests.swift in Sources */ = {isa = PBXBuildFile; fileRef = 50569449C10E9C4F6B69BD48 /* MatchingTests.swift */; };
/* End PBXBuildFile section */

/* Begin PBXContainerItemProxy section */
		9ACDB5C01CB0BB994E037C1C /* PBXContainerItemProxy */ = {
			isa = PBXContainerItemProxy;
			containerPortal = BCA18CFE588C3661CD98276F /* Project object */;
			proxyType = 1;
			remoteGlobalIDString = 677BF9FCF706441D44547ED2;
			remoteInfo = Overture;
		};
/* End PBXContainerItemProxy section */

/* Begin PBXFileReference section */
		105BB4DA76C70DD7BD210835 /* WrapHStack.swift */ = {isa = PBXFileReference; lastKnownFileType = sourcecode.swift; path = WrapHStack.swift; sourceTree = "<group>"; };
		1277AABACF169CD59F453422 /* CarnegieExtractor.swift */ = {isa = PBXFileReference; lastKnownFileType = sourcecode.swift; path = CarnegieExtractor.swift; sourceTree = "<group>"; };
		295AFE7FD066E8FA04E4EC2D /* Ranker.swift */ = {isa = PBXFileReference; lastKnownFileType = sourcecode.swift; path = Ranker.swift; sourceTree = "<group>"; };
		2D9834539BA47D783475B28C /* ProspectRowView.swift */ = {isa = PBXFileReference; lastKnownFileType = sourcecode.swift; path = ProspectRowView.swift; sourceTree = "<group>"; };
		39078CF3F9C3902769283CB8 /* ProspectAssembler.swift */ = {isa = PBXFileReference; lastKnownFileType = sourcecode.swift; path = ProspectAssembler.swift; sourceTree = "<group>"; };
		48833E92062362801EA65D62 /* OvertureTests.xctest */ = {isa = PBXFileReference; explicitFileType = wrapper.cfbundle; includeInIndex = 0; path = OvertureTests.xctest; sourceTree = BUILT_PRODUCTS_DIR; };
		50569449C10E9C4F6B69BD48 /* MatchingTests.swift */ = {isa = PBXFileReference; lastKnownFileType = sourcecode.swift; path = MatchingTests.swift; sourceTree = "<group>"; };
		55D2CD6E3596C49C463321EA /* ProspectAssemblerTests.swift */ = {isa = PBXFileReference; lastKnownFileType = sourcecode.swift; path = ProspectAssemblerTests.swift; sourceTree = "<group>"; };
		5B70E5FB7C632BC18DBABE7E /* QueueView.swift */ = {isa = PBXFileReference; lastKnownFileType = sourcecode.swift; path = QueueView.swift; sourceTree = "<group>"; };
		637CE6DCB47850272BCB073A /* ScoutService.swift */ = {isa = PBXFileReference; lastKnownFileType = sourcecode.swift; path = ScoutService.swift; sourceTree = "<group>"; };
		63F8BDF3177782E6E83DD846 /* Info.plist */ = {isa = PBXFileReference; lastKnownFileType = text.plist; path = Info.plist; sourceTree = "<group>"; };
		6C22E2042542477FF4D916B3 /* Prospect.swift */ = {isa = PBXFileReference; lastKnownFileType = sourcecode.swift; path = Prospect.swift; sourceTree = "<group>"; };
		715B637F291B723A32F86486 /* QueueView+Model.swift */ = {isa = PBXFileReference; lastKnownFileType = sourcecode.swift; path = "QueueView+Model.swift"; sourceTree = "<group>"; };
		75EF1A94243625631CFBC6E7 /* ScoutServiceTests.swift */ = {isa = PBXFileReference; lastKnownFileType = sourcecode.swift; path = ScoutServiceTests.swift; sourceTree = "<group>"; };
		77C9D0C269C0084ADFE58328 /* RootView.swift */ = {isa = PBXFileReference; lastKnownFileType = sourcecode.swift; path = RootView.swift; sourceTree = "<group>"; };
		78AFDC7DC01B718B9C18B54C /* ResultsImportTests.swift */ = {isa = PBXFileReference; lastKnownFileType = sourcecode.swift; path = ResultsImportTests.swift; sourceTree = "<group>"; };
		829EE2F8C8D00FB6BD62E196 /* DownbeatExport.swift */ = {isa = PBXFileReference; lastKnownFileType = sourcecode.swift; path = DownbeatExport.swift; sourceTree = "<group>"; };
		952C8BA810BF5FDC67DF259D /* ResultsFile.swift */ = {isa = PBXFileReference; lastKnownFileType = sourcecode.swift; path = ResultsFile.swift; sourceTree = "<group>"; };
		9E10A3A36DE78E73EF6EAE0B /* ReviewStatus.swift */ = {isa = PBXFileReference; lastKnownFileType = sourcecode.swift; path = ReviewStatus.swift; sourceTree = "<group>"; };
		A545056FEEAA77E0FFA0D2E6 /* DesignTokens.swift */ = {isa = PBXFileReference; lastKnownFileType = sourcecode.swift; path = DesignTokens.swift; sourceTree = "<group>"; };
		A845FED20A605560CC21DB4A /* EventClassifier.swift */ = {isa = PBXFileReference; lastKnownFileType = sourcecode.swift; path = EventClassifier.swift; sourceTree = "<group>"; };
		ABE40D9C39DD8B70A715F0F2 /* GroupNameMatch.swift */ = {isa = PBXFileReference; lastKnownFileType = sourcecode.swift; path = GroupNameMatch.swift; sourceTree = "<group>"; };
		AFE4D30240BCE6CB07CD1713 /* ResultsImporter.swift */ = {isa = PBXFileReference; lastKnownFileType = sourcecode.swift; path = ResultsImporter.swift; sourceTree = "<group>"; };
		B075FC1DB65AFA2E46FD21A3 /* HistoryMatch.swift */ = {isa = PBXFileReference; lastKnownFileType = sourcecode.swift; path = HistoryMatch.swift; sourceTree = "<group>"; };
		B1F488479D4DEA383519C548 /* QueueModelTests.swift */ = {isa = PBXFileReference; lastKnownFileType = sourcecode.swift; path = QueueModelTests.swift; sourceTree = "<group>"; };
		B30D320FEBBA85BDF8EC7A4F /* Assets.xcassets */ = {isa = PBXFileReference; lastKnownFileType = folder.assetcatalog; path = Assets.xcassets; sourceTree = "<group>"; };
		C121333725BE3A6DD00F4709 /* Overture.app */ = {isa = PBXFileReference; explicitFileType = wrapper.application; includeInIndex = 0; path = Overture.app; sourceTree = BUILT_PRODUCTS_DIR; };
		D9B0914E3F338108E97924DF /* OvertureApp.swift */ = {isa = PBXFileReference; lastKnownFileType = sourcecode.swift; path = OvertureApp.swift; sourceTree = "<group>"; };
		DBC08DD66544C1916398438E /* EventClassifierTests.swift */ = {isa = PBXFileReference; lastKnownFileType = sourcecode.swift; path = EventClassifierTests.swift; sourceTree = "<group>"; };
		FD487981CBBF8C44D61938BB /* RankerTests.swift */ = {isa = PBXFileReference; lastKnownFileType = sourcecode.swift; path = RankerTests.swift; sourceTree = "<group>"; };
/* End PBXFileReference section */

/* Begin PBXGroup section */
		2BE56D2D4CCAC42907146880 /* Products */ = {
			isa = PBXGroup;
			children = (
				C121333725BE3A6DD00F4709 /* Overture.app */,
				48833E92062362801EA65D62 /* OvertureTests.xctest */,
			);
			name = Products;
			sourceTree = "<group>";
		};
		502EA650BC10085494390D1F /* App */ = {
			isa = PBXGroup;
			children = (
				D9B0914E3F338108E97924DF /* OvertureApp.swift */,
				77C9D0C269C0084ADFE58328 /* RootView.swift */,
			);
			path = App;
			sourceTree = "<group>";
		};
		6AE88116F3EF720AE866B7E1 /* OvertureTests */ = {
			isa = PBXGroup;
			children = (
				DBC08DD66544C1916398438E /* EventClassifierTests.swift */,
				50569449C10E9C4F6B69BD48 /* MatchingTests.swift */,
				55D2CD6E3596C49C463321EA /* ProspectAssemblerTests.swift */,
				B1F488479D4DEA383519C548 /* QueueModelTests.swift */,
				FD487981CBBF8C44D61938BB /* RankerTests.swift */,
				78AFDC7DC01B718B9C18B54C /* ResultsImportTests.swift */,
				75EF1A94243625631CFBC6E7 /* ScoutServiceTests.swift */,
			);
			path = OvertureTests;
			sourceTree = "<group>";
		};
		760FACDF4A1B19C347D166DA = {
			isa = PBXGroup;
			children = (
				BA1C6735E048172728A4B964 /* Overture */,
				6AE88116F3EF720AE866B7E1 /* OvertureTests */,
				2BE56D2D4CCAC42907146880 /* Products */,
			);
			sourceTree = "<group>";
		};
		872E107227C99CDB65001C94 /* Persistence */ = {
			isa = PBXGroup;
			children = (
				AFE4D30240BCE6CB07CD1713 /* ResultsImporter.swift */,
			);
			path = Persistence;
			sourceTree = "<group>";
		};
		88F4F2B747EDC441DBC68E41 /* Integration */ = {
			isa = PBXGroup;
			children = (
				1277AABACF169CD59F453422 /* CarnegieExtractor.swift */,
				637CE6DCB47850272BCB073A /* ScoutService.swift */,
			);
			path = Integration;
			sourceTree = "<group>";
		};
		B457B80F07D2D0E2ACA057EE /* Domain */ = {
			isa = PBXGroup;
			children = (
				829EE2F8C8D00FB6BD62E196 /* DownbeatExport.swift */,
				A845FED20A605560CC21DB4A /* EventClassifier.swift */,
				ABE40D9C39DD8B70A715F0F2 /* GroupNameMatch.swift */,
				B075FC1DB65AFA2E46FD21A3 /* HistoryMatch.swift */,
				6C22E2042542477FF4D916B3 /* Prospect.swift */,
				39078CF3F9C3902769283CB8 /* ProspectAssembler.swift */,
				295AFE7FD066E8FA04E4EC2D /* Ranker.swift */,
				952C8BA810BF5FDC67DF259D /* ResultsFile.swift */,
				9E10A3A36DE78E73EF6EAE0B /* ReviewStatus.swift */,
			);
			path = Domain;
			sourceTree = "<group>";
		};
		BA1C6735E048172728A4B964 /* Overture */ = {
			isa = PBXGroup;
			children = (
				B30D320FEBBA85BDF8EC7A4F /* Assets.xcassets */,
				63F8BDF3177782E6E83DD846 /* Info.plist */,
				502EA650BC10085494390D1F /* App */,
				B457B80F07D2D0E2ACA057EE /* Domain */,
				88F4F2B747EDC441DBC68E41 /* Integration */,
				872E107227C99CDB65001C94 /* Persistence */,
				CD3F56C6DDA9A71184AC71F8 /* UI */,
			);
			path = Overture;
			sourceTree = "<group>";
		};
		CD3F56C6DDA9A71184AC71F8 /* UI */ = {
			isa = PBXGroup;
			children = (
				A545056FEEAA77E0FFA0D2E6 /* DesignTokens.swift */,
				2D9834539BA47D783475B28C /* ProspectRowView.swift */,
				5B70E5FB7C632BC18DBABE7E /* QueueView.swift */,
				715B637F291B723A32F86486 /* QueueView+Model.swift */,
				105BB4DA76C70DD7BD210835 /* WrapHStack.swift */,
			);
			path = UI;
			sourceTree = "<group>";
		};
/* End PBXGroup section */

/* Begin PBXNativeTarget section */
		05D51BFAF9ECFC07A5D74730 /* OvertureTests */ = {
			isa = PBXNativeTarget;
			buildConfigurationList = 4495F15233FCA5FA883519C0 /* Build configuration list for PBXNativeTarget "OvertureTests" */;
			buildPhases = (
				D6B1BD86569650B2FCABF5C1 /* Sources */,
			);
			buildRules = (
			);
			dependencies = (
				0F33DE973AE0BD924F1CA1CD /* PBXTargetDependency */,
			);
			name = OvertureTests;
			packageProductDependencies = (
			);
			productName = OvertureTests;
			productReference = 48833E92062362801EA65D62 /* OvertureTests.xctest */;
			productType = "com.apple.product-type.bundle.unit-test";
		};
		677BF9FCF706441D44547ED2 /* Overture */ = {
			isa = PBXNativeTarget;
			buildConfigurationList = D42208946153AC8F4F0A36EF /* Build configuration list for PBXNativeTarget "Overture" */;
			buildPhases = (
				6288D87C956E6ADE07E8B549 /* Sources */,
				AA91CB20186208AA85BEA3A9 /* Resources */,
			);
			buildRules = (
			);
			dependencies = (
			);
			name = Overture;
			packageProductDependencies = (
			);
			productName = Overture;
			productReference = C121333725BE3A6DD00F4709 /* Overture.app */;
			productType = "com.apple.product-type.application";
		};
/* End PBXNativeTarget section */

/* Begin PBXProject section */
		BCA18CFE588C3661CD98276F /* Project object */ = {
			isa = PBXProject;
			attributes = {
				BuildIndependentTargetsInParallel = YES;
				LastUpgradeCheck = 1430;
				TargetAttributes = {
					05D51BFAF9ECFC07A5D74730 = {
						DevelopmentTeam = "";
					};
					677BF9FCF706441D44547ED2 = {
						DevelopmentTeam = "";
					};
				};
			};
			buildConfigurationList = B6034B7F1C24F43BE4637C8B /* Build configuration list for PBXProject "Overture" */;
			developmentRegion = en;
			hasScannedForEncodings = 0;
			knownRegions = (
				Base,
				en,
			);
			mainGroup = 760FACDF4A1B19C347D166DA;
			minimizedProjectReferenceProxies = 1;
			preferredProjectObjectVersion = 77;
			productRefGroup = 2BE56D2D4CCAC42907146880 /* Products */;
			projectDirPath = "";
			projectRoot = "";
			targets = (
				677BF9FCF706441D44547ED2 /* Overture */,
				05D51BFAF9ECFC07A5D74730 /* OvertureTests */,
			);
		};
/* End PBXProject section */

/* Begin PBXResourcesBuildPhase section */
		AA91CB20186208AA85BEA3A9 /* Resources */ = {
			isa = PBXResourcesBuildPhase;
			buildActionMask = 2147483647;
			files = (
				04FB0C39B9A60E2B62710976 /* Assets.xcassets in Resources */,
			);
			runOnlyForDeploymentPostprocessing = 0;
		};
/* End PBXResourcesBuildPhase section */

/* Begin PBXSourcesBuildPhase section */
		6288D87C956E6ADE07E8B549 /* Sources */ = {
			isa = PBXSourcesBuildPhase;
			buildActionMask = 2147483647;
			files = (
				E953E2F9A05320E3CF28DD80 /* CarnegieExtractor.swift in Sources */,
				5ED4B798A43C3E9F7B28EDCC /* DesignTokens.swift in Sources */,
				18700AD6424BB82913D7E382 /* DownbeatExport.swift in Sources */,
				2ABBB3241344B53212BD04D3 /* EventClassifier.swift in Sources */,
				7E190456B52B9E5C862DBDE5 /* GroupNameMatch.swift in Sources */,
				92549E91C36C3AFFCA9118F6 /* HistoryMatch.swift in Sources */,
				5745D44FC39BED4239569B2F /* OvertureApp.swift in Sources */,
				73679705D41DA095CC9189DC /* Prospect.swift in Sources */,
				E887FF57AD484D520F4726D9 /* ProspectAssembler.swift in Sources */,
				84F2B198166270B48CFCCBCF /* ProspectRowView.swift in Sources */,
				34B4D59778B45482B07FEE79 /* QueueView+Model.swift in Sources */,
				57B5039B6CAA5732DF7AE178 /* QueueView.swift in Sources */,
				B2D2ED69408C169F9F1658C6 /* Ranker.swift in Sources */,
				03EB45B1FFE5868B0653E16F /* ResultsFile.swift in Sources */,
				E46CE1A0D702152776B43826 /* ResultsImporter.swift in Sources */,
				5D1832C1333785994C5F20DB /* ReviewStatus.swift in Sources */,
				A0AC29DD8EE01334319CAAD5 /* RootView.swift in Sources */,
				4A9031E5AE33243B77A5A3E3 /* ScoutService.swift in Sources */,
				E6D15D19508EDE0B6F3701AD /* WrapHStack.swift in Sources */,
			);
			runOnlyForDeploymentPostprocessing = 0;
		};
		D6B1BD86569650B2FCABF5C1 /* Sources */ = {
			isa = PBXSourcesBuildPhase;
			buildActionMask = 2147483647;
			files = (
				E2FCB5236D9D9C6A83D80373 /* EventClassifierTests.swift in Sources */,
				EAC2553E7EBE5ECE02E367FD /* MatchingTests.swift in Sources */,
				D1DA16CE093E998F279DC660 /* ProspectAssemblerTests.swift in Sources */,
				D3D1FD57D74D4440175FCB03 /* QueueModelTests.swift in Sources */,
				06A4CFEDC7146983E2305A8F /* RankerTests.swift in Sources */,
				A8CD2E0531E96EFEA5557C36 /* ResultsImportTests.swift in Sources */,
				6E193C64F2947CB03E7A7F42 /* ScoutServiceTests.swift in Sources */,
			);
			runOnlyForDeploymentPostprocessing = 0;
		};
/* End PBXSourcesBuildPhase section */

/* Begin PBXTargetDependency section */
		0F33DE973AE0BD924F1CA1CD /* PBXTargetDependency */ = {
			isa = PBXTargetDependency;
			target = 677BF9FCF706441D44547ED2 /* Overture */;
			targetProxy = 9ACDB5C01CB0BB994E037C1C /* PBXContainerItemProxy */;
		};
/* End PBXTargetDependency section */

/* Begin XCBuildConfiguration section */
		0A31CC3459F7CC2FEDAEC1E5 /* Release */ = {
			isa = XCBuildConfiguration;
			buildSettings = {
				BUNDLE_LOADER = "$(TEST_HOST)";
				COMBINE_HIDPI_IMAGES = YES;
				GENERATE_INFOPLIST_FILE = YES;
				LD_RUNPATH_SEARCH_PATHS = (
					"$(inherited)",
					"@executable_path/../Frameworks",
					"@loader_path/../Frameworks",
				);
				PRODUCT_BUNDLE_IDENTIFIER = com.danwright.overture.tests;
				SDKROOT = macosx;
				TEST_HOST = "$(BUILT_PRODUCTS_DIR)/Overture.app/Contents/MacOS/Overture";
			};
			name = Release;
		};
		2373620FCEAA91F64577A5E9 /* Debug */ = {
			isa = XCBuildConfiguration;
			buildSettings = {
				BUNDLE_LOADER = "$(TEST_HOST)";
				COMBINE_HIDPI_IMAGES = YES;
				GENERATE_INFOPLIST_FILE = YES;
				LD_RUNPATH_SEARCH_PATHS = (
					"$(inherited)",
					"@executable_path/../Frameworks",
					"@loader_path/../Frameworks",
				);
				PRODUCT_BUNDLE_IDENTIFIER = com.danwright.overture.tests;
				SDKROOT = macosx;
				TEST_HOST = "$(BUILT_PRODUCTS_DIR)/Overture.app/Contents/MacOS/Overture";
			};
			name = Debug;
		};
		3963AD8B560B2D06D13967D1 /* Release */ = {
			isa = XCBuildConfiguration;
			buildSettings = {
				ALWAYS_SEARCH_USER_PATHS = NO;
				CLANG_ANALYZER_NONNULL = YES;
				CLANG_ANALYZER_NUMBER_OBJECT_CONVERSION = YES_AGGRESSIVE;
				CLANG_CXX_LANGUAGE_STANDARD = "gnu++14";
				CLANG_CXX_LIBRARY = "libc++";
				CLANG_ENABLE_MODULES = YES;
				CLANG_ENABLE_OBJC_ARC = YES;
				CLANG_ENABLE_OBJC_WEAK = YES;
				CLANG_WARN_BLOCK_CAPTURE_AUTORELEASING = YES;
				CLANG_WARN_BOOL_CONVERSION = YES;
				CLANG_WARN_COMMA = YES;
				CLANG_WARN_CONSTANT_CONVERSION = YES;
				CLANG_WARN_DEPRECATED_OBJC_IMPLEMENTATIONS = YES;
				CLANG_WARN_DIRECT_OBJC_ISA_USAGE = YES_ERROR;
				CLANG_WARN_DOCUMENTATION_COMMENTS = YES;
				CLANG_WARN_EMPTY_BODY = YES;
				CLANG_WARN_ENUM_CONVERSION = YES;
				CLANG_WARN_INFINITE_RECURSION = YES;
				CLANG_WARN_INT_CONVERSION = YES;
				CLANG_WARN_NON_LITERAL_NULL_CONVERSION = YES;
				CLANG_WARN_OBJC_IMPLICIT_RETAIN_SELF = YES;
				CLANG_WARN_OBJC_LITERAL_CONVERSION = YES;
				CLANG_WARN_OBJC_ROOT_CLASS = YES_ERROR;
				CLANG_WARN_QUOTED_INCLUDE_IN_FRAMEWORK_HEADER = YES;
				CLANG_WARN_RANGE_LOOP_ANALYSIS = YES;
				CLANG_WARN_STRICT_PROTOTYPES = YES;
				CLANG_WARN_SUSPICIOUS_MOVE = YES;
				CLANG_WARN_UNGUARDED_AVAILABILITY = YES_AGGRESSIVE;
				CLANG_WARN_UNREACHABLE_CODE = YES;
				CLANG_WARN__DUPLICATE_METHOD_MATCH = YES;
				CODE_SIGN_IDENTITY = "-";
				COPY_PHASE_STRIP = NO;
				CURRENT_PROJECT_VERSION = 1;
				DEBUG_INFORMATION_FORMAT = "dwarf-with-dsym";
				DEVELOPMENT_TEAM = "";
				ENABLE_APP_SANDBOX = NO;
				ENABLE_HARDENED_RUNTIME = YES;
				ENABLE_NS_ASSERTIONS = NO;
				ENABLE_STRICT_OBJC_MSGSEND = YES;
				GCC_C_LANGUAGE_STANDARD = gnu11;
				GCC_NO_COMMON_BLOCKS = YES;
				GCC_WARN_64_TO_32_BIT_CONVERSION = YES;
				GCC_WARN_ABOUT_RETURN_TYPE = YES_ERROR;
				GCC_WARN_UNDECLARED_SELECTOR = YES;
				GCC_WARN_UNINITIALIZED_AUTOS = YES_AGGRESSIVE;
				GCC_WARN_UNUSED_FUNCTION = YES;
				GCC_WARN_UNUSED_VARIABLE = YES;
				MACOSX_DEPLOYMENT_TARGET = 14.0;
				MARKETING_VERSION = 0.1.0;
				MTL_ENABLE_DEBUG_INFO = NO;
				MTL_FAST_MATH = YES;
				PRODUCT_NAME = "$(TARGET_NAME)";
				SDKROOT = macosx;
				SWIFT_COMPILATION_MODE = wholemodule;
				SWIFT_OPTIMIZATION_LEVEL = "-O";
				SWIFT_VERSION = 6.0;
			};
			name = Release;
		};
		50D6D05CAE99B59CD58B609D /* Debug */ = {
			isa = XCBuildConfiguration;
			buildSettings = {
				ALWAYS_SEARCH_USER_PATHS = NO;
				CLANG_ANALYZER_NONNULL = YES;
				CLANG_ANALYZER_NUMBER_OBJECT_CONVERSION = YES_AGGRESSIVE;
				CLANG_CXX_LANGUAGE_STANDARD = "gnu++14";
				CLANG_CXX_LIBRARY = "libc++";
				CLANG_ENABLE_MODULES = YES;
				CLANG_ENABLE_OBJC_ARC = YES;
				CLANG_ENABLE_OBJC_WEAK = YES;
				CLANG_WARN_BLOCK_CAPTURE_AUTORELEASING = YES;
				CLANG_WARN_BOOL_CONVERSION = YES;
				CLANG_WARN_COMMA = YES;
				CLANG_WARN_CONSTANT_CONVERSION = YES;
				CLANG_WARN_DEPRECATED_OBJC_IMPLEMENTATIONS = YES;
				CLANG_WARN_DIRECT_OBJC_ISA_USAGE = YES_ERROR;
				CLANG_WARN_DOCUMENTATION_COMMENTS = YES;
				CLANG_WARN_EMPTY_BODY = YES;
				CLANG_WARN_ENUM_CONVERSION = YES;
				CLANG_WARN_INFINITE_RECURSION = YES;
				CLANG_WARN_INT_CONVERSION = YES;
				CLANG_WARN_NON_LITERAL_NULL_CONVERSION = YES;
				CLANG_WARN_OBJC_IMPLICIT_RETAIN_SELF = YES;
				CLANG_WARN_OBJC_LITERAL_CONVERSION = YES;
				CLANG_WARN_OBJC_ROOT_CLASS = YES_ERROR;
				CLANG_WARN_QUOTED_INCLUDE_IN_FRAMEWORK_HEADER = YES;
				CLANG_WARN_RANGE_LOOP_ANALYSIS = YES;
				CLANG_WARN_STRICT_PROTOTYPES = YES;
				CLANG_WARN_SUSPICIOUS_MOVE = YES;
				CLANG_WARN_UNGUARDED_AVAILABILITY = YES_AGGRESSIVE;
				CLANG_WARN_UNREACHABLE_CODE = YES;
				CLANG_WARN__DUPLICATE_METHOD_MATCH = YES;
				CODE_SIGN_IDENTITY = "-";
				COPY_PHASE_STRIP = NO;
				CURRENT_PROJECT_VERSION = 1;
				DEBUG_INFORMATION_FORMAT = dwarf;
				DEVELOPMENT_TEAM = "";
				ENABLE_APP_SANDBOX = NO;
				ENABLE_HARDENED_RUNTIME = YES;
				ENABLE_STRICT_OBJC_MSGSEND = YES;
				ENABLE_TESTABILITY = YES;
				GCC_C_LANGUAGE_STANDARD = gnu11;
				GCC_DYNAMIC_NO_PIC = NO;
				GCC_NO_COMMON_BLOCKS = YES;
				GCC_OPTIMIZATION_LEVEL = 0;
				GCC_PREPROCESSOR_DEFINITIONS = (
					"$(inherited)",
					"DEBUG=1",
				);
				GCC_WARN_64_TO_32_BIT_CONVERSION = YES;
				GCC_WARN_ABOUT_RETURN_TYPE = YES_ERROR;
				GCC_WARN_UNDECLARED_SELECTOR = YES;
				GCC_WARN_UNINITIALIZED_AUTOS = YES_AGGRESSIVE;
				GCC_WARN_UNUSED_FUNCTION = YES;
				GCC_WARN_UNUSED_VARIABLE = YES;
				MACOSX_DEPLOYMENT_TARGET = 14.0;
				MARKETING_VERSION = 0.1.0;
				MTL_ENABLE_DEBUG_INFO = INCLUDE_SOURCE;
				MTL_FAST_MATH = YES;
				ONLY_ACTIVE_ARCH = YES;
				PRODUCT_NAME = "$(TARGET_NAME)";
				SDKROOT = macosx;
				SWIFT_ACTIVE_COMPILATION_CONDITIONS = DEBUG;
				SWIFT_OPTIMIZATION_LEVEL = "-Onone";
				SWIFT_VERSION = 6.0;
			};
			name = Debug;
		};
		D47BF81077C386E1B0B8C162 /* Release */ = {
			isa = XCBuildConfiguration;
			buildSettings = {
				ASSETCATALOG_COMPILER_APPICON_NAME = AppIcon;
				COMBINE_HIDPI_IMAGES = YES;
				GENERATE_INFOPLIST_FILE = NO;
				INFOPLIST_FILE = Overture/Info.plist;
				LD_RUNPATH_SEARCH_PATHS = (
					"$(inherited)",
					"@executable_path/../Frameworks",
				);
				PRODUCT_BUNDLE_IDENTIFIER = com.danwright.overture;
				SDKROOT = macosx;
			};
			name = Release;
		};
		FB3E3EAA209E4191A8886BE7 /* Debug */ = {
			isa = XCBuildConfiguration;
			buildSettings = {
				ASSETCATALOG_COMPILER_APPICON_NAME = AppIcon;
				COMBINE_HIDPI_IMAGES = YES;
				GENERATE_INFOPLIST_FILE = NO;
				INFOPLIST_FILE = Overture/Info.plist;
				LD_RUNPATH_SEARCH_PATHS = (
					"$(inherited)",
					"@executable_path/../Frameworks",
				);
				PRODUCT_BUNDLE_IDENTIFIER = com.danwright.overture;
				SDKROOT = macosx;
			};
			name = Debug;
		};
/* End XCBuildConfiguration section */

/* Begin XCConfigurationList section */
		4495F15233FCA5FA883519C0 /* Build configuration list for PBXNativeTarget "OvertureTests" */ = {
			isa = XCConfigurationList;
			buildConfigurations = (
				2373620FCEAA91F64577A5E9 /* Debug */,
				0A31CC3459F7CC2FEDAEC1E5 /* Release */,
			);
			defaultConfigurationIsVisible = 0;
			defaultConfigurationName = Debug;
		};
		B6034B7F1C24F43BE4637C8B /* Build configuration list for PBXProject "Overture" */ = {
			isa = XCConfigurationList;
			buildConfigurations = (
				50D6D05CAE99B59CD58B609D /* Debug */,
				3963AD8B560B2D06D13967D1 /* Release */,
			);
			defaultConfigurationIsVisible = 0;
			defaultConfigurationName = Debug;
		};
		D42208946153AC8F4F0A36EF /* Build configuration list for PBXNativeTarget "Overture" */ = {
			isa = XCConfigurationList;
			buildConfigurations = (
				FB3E3EAA209E4191A8886BE7 /* Debug */,
				D47BF81077C386E1B0B8C162 /* Release */,
			);
			defaultConfigurationIsVisible = 0;
			defaultConfigurationName = Debug;
		};
/* End XCConfigurationList section */
	};
	rootObject = BCA18CFE588C3661CD98276F /* Project object */;
}
