// !$*UTF8*$!
{
	archiveVersion = 1;
	classes = {
	};
	objectVersion = 77;
	objects = {

/* Begin PBXBuildFile section */
		002F65577039033C65F21F56 /* ConversationNudgeTests.swift in Sources */ = {isa = PBXBuildFile; fileRef = 9D9911D8933E5922C0894D82 /* ConversationNudgeTests.swift */; };
		03BD933CCB910DF9DDAE98CF /* GoogleOAuth.swift in Sources */ = {isa = PBXBuildFile; fileRef = 670A67A482A1C4EAAF8F8355 /* GoogleOAuth.swift */; };
		03EB45B1FFE5868B0653E16F /* ResultsFile.swift in Sources */ = {isa = PBXBuildFile; fileRef = 952C8BA810BF5FDC67DF259D /* ResultsFile.swift */; };
		04602E0E963B445CB6DCC62D /* GmailSenderTests.swift in Sources */ = {isa = PBXBuildFile; fileRef = 25CEA888631E3F3292A7A5FB /* GmailSenderTests.swift */; };
		04FA610FA66C8446BAD3F238 /* SendService.swift in Sources */ = {isa = PBXBuildFile; fileRef = E507C0A339C96A42C60B567F /* SendService.swift */; };
		04FB0C39B9A60E2B62710976 /* Assets.xcassets in Resources */ = {isa = PBXBuildFile; fileRef = B30D320FEBBA85BDF8EC7A4F /* Assets.xcassets */; };
		05D91246C0C5C2780C852575 /* FeedReconcile.swift in Sources */ = {isa = PBXBuildFile; fileRef = ABB209BD8716EB1330E81E67 /* FeedReconcile.swift */; };
		06A4CFEDC7146983E2305A8F /* RankerTests.swift in Sources */ = {isa = PBXBuildFile; fileRef = FD487981CBBF8C44D61938BB /* RankerTests.swift */; };
		0C90443179FCBB3A84CDA21C /* PrepImporterTests.swift in Sources */ = {isa = PBXBuildFile; fileRef = 00E563EC137DDC54063B7980 /* PrepImporterTests.swift */; };
		0E4306B2FECBB993459C09B2 /* ScoutScheduleTests.swift in Sources */ = {isa = PBXBuildFile; fileRef = A1E34ACF451D3A4FE053FB7E /* ScoutScheduleTests.swift */; };
		1412FC939FC74701F566D9E8 /* StoreLock.swift in Sources */ = {isa = PBXBuildFile; fileRef = 780FA66ADB1FB483CA9CAEAB /* StoreLock.swift */; };
		1694B85DAD9F436E1844C9C0 /* AgentRoster.swift in Sources */ = {isa = PBXBuildFile; fileRef = 222C952AB1A28F9E5785EFA9 /* AgentRoster.swift */; };
		1722A20B5F53B06DCF2A5823 /* QueuePriorityBreakdown.swift in Sources */ = {isa = PBXBuildFile; fileRef = 629B1479E6AF604949EB439B /* QueuePriorityBreakdown.swift */; };
		1753A6B08FB04DDDD79F5CE6 /* RefreshResponseTests.swift in Sources */ = {isa = PBXBuildFile; fileRef = AF936B56EA75558296D03EFE /* RefreshResponseTests.swift */; };
		18316584EF8D9A33C1A80166 /* PrepQueueService.swift in Sources */ = {isa = PBXBuildFile; fileRef = 3ECEC0B6BC82DF1F399A090B /* PrepQueueService.swift */; };
		18700AD6424BB82913D7E382 /* DownbeatExport.swift in Sources */ = {isa = PBXBuildFile; fileRef = 829EE2F8C8D00FB6BD62E196 /* DownbeatExport.swift */; };
		191BE98966E82792937090D4 /* DraftEditCaptureTests.swift in Sources */ = {isa = PBXBuildFile; fileRef = 96B240AD82A5B280E1AA7B55 /* DraftEditCaptureTests.swift */; };
		19D8357A742F93A6B2EC8CA5 /* PrepStatusTests.swift in Sources */ = {isa = PBXBuildFile; fileRef = 612B38A4015CC81015D5D0B9 /* PrepStatusTests.swift */; };
		1A9C5E4F6E40B8D0FB155B14 /* OutcomePatternsView.swift in Sources */ = {isa = PBXBuildFile; fileRef = 07962FBB80CEC48C06592086 /* OutcomePatternsView.swift */; };
		1AA5848075651F3A40AEBDAD /* BookingMatch.swift in Sources */ = {isa = PBXBuildFile; fileRef = 84AE10D36682E3684202FBBE /* BookingMatch.swift */; };
		1BF4811736AD0C8A914EFCF1 /* DownbeatBookingTests.swift in Sources */ = {isa = PBXBuildFile; fileRef = E72D937054FBE261722613B6 /* DownbeatBookingTests.swift */; };
		21606EC3DBB109B353217315 /* EasternDateTests.swift in Sources */ = {isa = PBXBuildFile; fileRef = 8C123ECEC709AA3AEFD20BF5 /* EasternDateTests.swift */; };
		21840BD7971149E338692C04 /* ScoutFailure.swift in Sources */ = {isa = PBXBuildFile; fileRef = 2730C91E327DE3CA26C11BB6 /* ScoutFailure.swift */; };
		21AA135FFF98410085B2813E /* VoiceGuidanceStore.swift in Sources */ = {isa = PBXBuildFile; fileRef = 40CF6CBD38B166375337761C /* VoiceGuidanceStore.swift */; };
		22332F4AA3C22E6ED68DD49C /* VoiceNotesProtector.swift in Sources */ = {isa = PBXBuildFile; fileRef = D9D89F1B587811F93E5DB892 /* VoiceNotesProtector.swift */; };
		247D69C7824F604FFE3E7B02 /* ReplyCaptureTests.swift in Sources */ = {isa = PBXBuildFile; fileRef = BE9DD8D0A1B26CB6C411B3FD /* ReplyCaptureTests.swift */; };
		24D810620C56EC99120BB281 /* OutcomePatternsTests.swift in Sources */ = {isa = PBXBuildFile; fileRef = 483ACB043AC4675CDD9C29AB /* OutcomePatternsTests.swift */; };
		287E64C2FFCF0A71B0C48561 /* ConversationReminderConfigTests.swift in Sources */ = {isa = PBXBuildFile; fileRef = 4CA74E69A3B5A93757627A5C /* ConversationReminderConfigTests.swift */; };
		296BF3F101572A9ED142164B /* PrepRunOutcomeTests.swift in Sources */ = {isa = PBXBuildFile; fileRef = B1417C41A53BFC9C1A9ED6D5 /* PrepRunOutcomeTests.swift */; };
		29E12F00DB84C430B0532105 /* ReplyClassifyService.swift in Sources */ = {isa = PBXBuildFile; fileRef = 3E566BF21113A106596C9F83 /* ReplyClassifyService.swift */; };
		29ECCDE20E72B39D76A47A4B /* EasternDate.swift in Sources */ = {isa = PBXBuildFile; fileRef = 77B7A4C6AD8EBE8980C25DBC /* EasternDate.swift */; };
		2ABBB3241344B53212BD04D3 /* EventClassifier.swift in Sources */ = {isa = PBXBuildFile; fileRef = A845FED20A605560CC21DB4A /* EventClassifier.swift */; };
		2B99C455E24C75B4CCDC3ADF /* ResultsRunFieldsTests.swift in Sources */ = {isa = PBXBuildFile; fileRef = B03027BBDEDB1185CBDDC376 /* ResultsRunFieldsTests.swift */; };
		2C1A6A90642532237C113230 /* GmailCredentialsTests.swift in Sources */ = {isa = PBXBuildFile; fileRef = FD2C520DA2246AB9E1973559 /* GmailCredentialsTests.swift */; };
		2D6E968D35B8718DFF45DFFB /* ReplyClassifyServiceTests.swift in Sources */ = {isa = PBXBuildFile; fileRef = AF4119F46C425347924DB572 /* ReplyClassifyServiceTests.swift */; };
		2E8DCD09C802F75E5E46908F /* VoiceFeedback.swift in Sources */ = {isa = PBXBuildFile; fileRef = 19DFF66FCAE3F43F3F5966B5 /* VoiceFeedback.swift */; };
		2F0E3B5CD3B7745B2347EEF4 /* SendDeadlockGuardTests.swift in Sources */ = {isa = PBXBuildFile; fileRef = B2E8C30BA496E5958478D6FE /* SendDeadlockGuardTests.swift */; };
		3036B8BD103E67917232F4FB /* GroupNameDriftTests.swift in Sources */ = {isa = PBXBuildFile; fileRef = 61BFE4E6528A1F2DB7FA5E67 /* GroupNameDriftTests.swift */; };
		3037E07771AF036EB6D4273A /* DismissedView.swift in Sources */ = {isa = PBXBuildFile; fileRef = 485074981926D5C2F5966501 /* DismissedView.swift */; };
		3039C48DCE9F45B9601280A8 /* VoiceNotesProtectorTests.swift in Sources */ = {isa = PBXBuildFile; fileRef = 05FC9101B28E619EC58B8E85 /* VoiceNotesProtectorTests.swift */; };
		3388761FEC1F69E485F9BDC4 /* ReplyClassifyImporter.swift in Sources */ = {isa = PBXBuildFile; fileRef = 63FA3A9DF520050E6151FB89 /* ReplyClassifyImporter.swift */; };
		338B85F9DFDF5F18A24BCC94 /* DetachedRunner.swift in Sources */ = {isa = PBXBuildFile; fileRef = 0E57D965CBEDF36F107333EB /* DetachedRunner.swift */; };
		3487AC4739F6C400D59C5D37 /* BackgroundServicesGateTests.swift in Sources */ = {isa = PBXBuildFile; fileRef = 694D5E32D7521B59A78C9414 /* BackgroundServicesGateTests.swift */; };
		34B4D59778B45482B07FEE79 /* QueueView+Model.swift in Sources */ = {isa = PBXBuildFile; fileRef = 715B637F291B723A32F86486 /* QueueView+Model.swift */; };
		37372F3559560F0C3B090AFF /* QueuePriorityBreakdownTests.swift in Sources */ = {isa = PBXBuildFile; fileRef = 57B9D7D606522FE8925BFC1F /* QueuePriorityBreakdownTests.swift */; };
		3F5371F399F0A712055BD033 /* PrepRunOutcome.swift in Sources */ = {isa = PBXBuildFile; fileRef = E94B3BC9042D19E2C6199429 /* PrepRunOutcome.swift */; };
		3F8AA010C237FC233C3FC20F /* ClassificationConfidenceTests.swift in Sources */ = {isa = PBXBuildFile; fileRef = 0845A26D25EC532196D63BF2 /* ClassificationConfidenceTests.swift */; };
		41747B4672D16BCEB36AA517 /* VenueParser.swift in Sources */ = {isa = PBXBuildFile; fileRef = BE2828C9E7342BC961B7DF77 /* VenueParser.swift */; };
		4561D5BCF0070354147EB4B7 /* ReplyClassifyImporterTests.swift in Sources */ = {isa = PBXBuildFile; fileRef = 29142D7CC954AB5D8C0B6052 /* ReplyClassifyImporterTests.swift */; };
		45A4545A8567FAF7D2D582AA /* ReplyClassifyContractTests.swift in Sources */ = {isa = PBXBuildFile; fileRef = C51E45D444B437620D40DC7B /* ReplyClassifyContractTests.swift */; };
		461D1DDCF415D650208911E6 /* ResultsContractTests.swift in Sources */ = {isa = PBXBuildFile; fileRef = EFD1F0E60FDB8C47C99DBDF3 /* ResultsContractTests.swift */; };
		46547F0746C4A035670849CF /* VoiceGuidanceStoreTests.swift in Sources */ = {isa = PBXBuildFile; fileRef = 31A5557CED5338E486C41325 /* VoiceGuidanceStoreTests.swift */; };
		4A125A73DBC9E95E9B806451 /* PrepStatus.swift in Sources */ = {isa = PBXBuildFile; fileRef = E135F9F368E79F72FAE4B6ED /* PrepStatus.swift */; };
		4A9031E5AE33243B77A5A3E3 /* ScoutService.swift in Sources */ = {isa = PBXBuildFile; fileRef = 637CE6DCB47850272BCB073A /* ScoutService.swift */; };
		4B822A1013C867F99F2E5314 /* MailSender.swift in Sources */ = {isa = PBXBuildFile; fileRef = 39E6FD194E3EAEC89C465A64 /* MailSender.swift */; };
		4DCA874D8ADB734AECF85EE3 /* OmniFocusSyncTests.swift in Sources */ = {isa = PBXBuildFile; fileRef = 1BA8782BE24D5499DA7D1C9A /* OmniFocusSyncTests.swift */; };
		4E714A9C55362471DE98AFE2 /* ReplyDetection.swift in Sources */ = {isa = PBXBuildFile; fileRef = 2BEF53A35386C9A1C2BF8967 /* ReplyDetection.swift */; };
		4FFA01E44380C4A3FC2C27AF /* SendThrottleTests.swift in Sources */ = {isa = PBXBuildFile; fileRef = DA52A2DA17906C043DC938EF /* SendThrottleTests.swift */; };
		517C12902DACDC5C274A4F58 /* ReplyClassify.swift in Sources */ = {isa = PBXBuildFile; fileRef = 3705BA568ACF80E4BE5ECBEF /* ReplyClassify.swift */; };
		55ADB22C6520C4D9771237A4 /* OutcomeStatsTests.swift in Sources */ = {isa = PBXBuildFile; fileRef = AA9397FDF7E49A3E34623AD3 /* OutcomeStatsTests.swift */; };
		5745D44FC39BED4239569B2F /* OvertureApp.swift in Sources */ = {isa = PBXBuildFile; fileRef = D9B0914E3F338108E97924DF /* OvertureApp.swift */; };
		57B5039B6CAA5732DF7AE178 /* QueueView.swift in Sources */ = {isa = PBXBuildFile; fileRef = 5B70E5FB7C632BC18DBABE7E /* QueueView.swift */; };
		59A313955951CF379E5B5673 /* StoreUnavailableView.swift in Sources */ = {isa = PBXBuildFile; fileRef = 78E5F6DE2F1B4741F5F0DF2B /* StoreUnavailableView.swift */; };
		5A3B535D68CD68F9E18AF534 /* LocalHistoryContractTests.swift in Sources */ = {isa = PBXBuildFile; fileRef = B730D9D74C05F700D65AB92D /* LocalHistoryContractTests.swift */; };
		5AD1245BE8998703FD5283CE /* BookingMatchTests.swift in Sources */ = {isa = PBXBuildFile; fileRef = 1942D70A38A419E78AF4D91D /* BookingMatchTests.swift */; };
		5C6A5AD503A4296B257C2D26 /* VenueParserTests.swift in Sources */ = {isa = PBXBuildFile; fileRef = C37374FD3A2F73C11538500F /* VenueParserTests.swift */; };
		5D04BB2281702E508DADFE68 /* ScoutStatus.swift in Sources */ = {isa = PBXBuildFile; fileRef = AA8D2818D1C0214152E05C92 /* ScoutStatus.swift */; };
		5D1832C1333785994C5F20DB /* ReviewStatus.swift in Sources */ = {isa = PBXBuildFile; fileRef = 9E10A3A36DE78E73EF6EAE0B /* ReviewStatus.swift */; };
		5D645B6D0343266BEFF839BC /* GmailReplyCheckerTests.swift in Sources */ = {isa = PBXBuildFile; fileRef = C3ADC0E8F2B910DDEFF34E45 /* GmailReplyCheckerTests.swift */; };
		5E6E4CB3A53EEE5B76FB0587 /* DebugStaging.swift in Sources */ = {isa = PBXBuildFile; fileRef = 82C7BC03DCBF8D7D88007436 /* DebugStaging.swift */; };
		5ED4B798A43C3E9F7B28EDCC /* DesignTokens.swift in Sources */ = {isa = PBXBuildFile; fileRef = A545056FEEAA77E0FFA0D2E6 /* DesignTokens.swift */; };
		5FCB7C6FFF471C66FCAE9635 /* OmniFocusSyncStatus.swift in Sources */ = {isa = PBXBuildFile; fileRef = B2624284F3BAF85D48AF1DC5 /* OmniFocusSyncStatus.swift */; };
		69A8DE8FB97DB577756D081C /* OvertureDeepLink.swift in Sources */ = {isa = PBXBuildFile; fileRef = 49F5F8AA3F96586760B26AC8 /* OvertureDeepLink.swift */; };
		6BE6B47CCDB76B5FCCFB5F56 /* DebugStagingTests.swift in Sources */ = {isa = PBXBuildFile; fileRef = 12D297D7D973801AE1CBB08A /* DebugStagingTests.swift */; };
		6E193C64F2947CB03E7A7F42 /* ScoutServiceTests.swift in Sources */ = {isa = PBXBuildFile; fileRef = 75EF1A94243625631CFBC6E7 /* ScoutServiceTests.swift */; };
		6FC0ABF1EB00A87FCB142AA2 /* DownbeatBooking.swift in Sources */ = {isa = PBXBuildFile; fileRef = BF13A18B3F23144C2AEAF3BD /* DownbeatBooking.swift */; };
		70E410EE901D702377FF76E1 /* PrepQueueTests.swift in Sources */ = {isa = PBXBuildFile; fileRef = 54DBE94855F8556BD54A8820 /* PrepQueueTests.swift */; };
		7242EF6BE729BFC0B62B0348 /* VoiceGuidanceGuardTests.swift in Sources */ = {isa = PBXBuildFile; fileRef = 506D734A84A056EAEF4C60B0 /* VoiceGuidanceGuardTests.swift */; };
		7276BAF9E3E0B280F4137B92 /* GoogleOAuthTests.swift in Sources */ = {isa = PBXBuildFile; fileRef = 50350E8E010D01DD330869F0 /* GoogleOAuthTests.swift */; };
		73679705D41DA095CC9189DC /* Prospect.swift in Sources */ = {isa = PBXBuildFile; fileRef = 6C22E2042542477FF4D916B3 /* Prospect.swift */; };
		760ED1E077A4CAD241B5DDFE /* ReplyDetectionTests.swift in Sources */ = {isa = PBXBuildFile; fileRef = 10BF247B7FD0179047746EA2 /* ReplyDetectionTests.swift */; };
		766A7F7AE14436E13E6294BD /* GmailReplyChecker.swift in Sources */ = {isa = PBXBuildFile; fileRef = CED5B3A0D5D7B33059542583 /* GmailReplyChecker.swift */; };
		7787427A33E165B7429D8157 /* ReplyBodyTests.swift in Sources */ = {isa = PBXBuildFile; fileRef = 9BDDA5B65CE959D25BB9239A /* ReplyBodyTests.swift */; };
		77E83EF2B852E9BB09E8C4F7 /* GmailAuthManager.swift in Sources */ = {isa = PBXBuildFile; fileRef = 6E802B334BDB315718EC86C0 /* GmailAuthManager.swift */; };
		78B72D987F7222A94824F7BF /* ReachedOutQueue.swift in Sources */ = {isa = PBXBuildFile; fileRef = 06CDC4E814516BA0EF92C56D /* ReachedOutQueue.swift */; };
		7AB8E71A600DA6C16E3208AB /* DismissedProspects.swift in Sources */ = {isa = PBXBuildFile; fileRef = 65B129F207D7325A80D5360D /* DismissedProspects.swift */; };
		7B4E721B2BC1ECCAFD669A5F /* DownbeatExportContractTests.swift in Sources */ = {isa = PBXBuildFile; fileRef = E51B0E4D5977CCD140484D76 /* DownbeatExportContractTests.swift */; };
		7E190456B52B9E5C862DBDE5 /* GroupNameMatch.swift in Sources */ = {isa = PBXBuildFile; fileRef = ABE40D9C39DD8B70A715F0F2 /* GroupNameMatch.swift */; };
		7EC6B0360270BCF39E601CD0 /* ConversationReminder.swift in Sources */ = {isa = PBXBuildFile; fileRef = B2801930347D081A9A4674D2 /* ConversationReminder.swift */; };
		7FB57FCEB1568197A488E8AC /* VoiceFeedbackTests.swift in Sources */ = {isa = PBXBuildFile; fileRef = 8B66C9CFB43F669F34124D47 /* VoiceFeedbackTests.swift */; };
		7FFF341FBAFA2D247ABF7B7C /* DraftCheckTests.swift in Sources */ = {isa = PBXBuildFile; fileRef = F3EA9AF70E74993B6FD69522 /* DraftCheckTests.swift */; };
		809AB4DF21951B7CA0714665 /* PrepResultsContractTests.swift in Sources */ = {isa = PBXBuildFile; fileRef = B20D7FD318D128229C69A6CE /* PrepResultsContractTests.swift */; };
		84F2B198166270B48CFCCBCF /* ProspectRowView.swift in Sources */ = {isa = PBXBuildFile; fileRef = 2D9834539BA47D783475B28C /* ProspectRowView.swift */; };
		870FF7F88E5ABBC8CC257B6A /* LoopbackListenerTests.swift in Sources */ = {isa = PBXBuildFile; fileRef = 98F9028B89AB5EDEFDADF826 /* LoopbackListenerTests.swift */; };
		87258FE39A6B9C5201345588 /* VoiceFeedbackContractTests.swift in Sources */ = {isa = PBXBuildFile; fileRef = B9F7EDB806B788E4A5BE8BC4 /* VoiceFeedbackContractTests.swift */; };
		88C7EEA480F528B5A4BE2811 /* OutcomePatterns.swift in Sources */ = {isa = PBXBuildFile; fileRef = 5D786A37D92F867863061D6A /* OutcomePatterns.swift */; };
		8E9463BC1FB432C082861730 /* StoreLockTests.swift in Sources */ = {isa = PBXBuildFile; fileRef = 1E78896912D9D3956B8E19C0 /* StoreLockTests.swift */; };
		90CA73A27C4A3C68277252B5 /* DraftReviewView.swift in Sources */ = {isa = PBXBuildFile; fileRef = 6D782E08C651DE5D0AA3A899 /* DraftReviewView.swift */; };
		917A4DA074AC19F9B7821AF1 /* OutcomeStats.swift in Sources */ = {isa = PBXBuildFile; fileRef = 946729B6E11E8A1EDB184CF4 /* OutcomeStats.swift */; };
		92549E91C36C3AFFCA9118F6 /* HistoryMatch.swift in Sources */ = {isa = PBXBuildFile; fileRef = B075FC1DB65AFA2E46FD21A3 /* HistoryMatch.swift */; };
		947B8AF36612B7183C02B452 /* SendServiceTests.swift in Sources */ = {isa = PBXBuildFile; fileRef = DCA9CE13BE24FCCD1ED3BF39 /* SendServiceTests.swift */; };
		95FA968A34EE5F74D750A3F0 /* FollowUpsView.swift in Sources */ = {isa = PBXBuildFile; fileRef = 420EC153064F83BE06351CC9 /* FollowUpsView.swift */; };
		97DCA8924C3656DB65531CD8 /* ScoutFailureTests.swift in Sources */ = {isa = PBXBuildFile; fileRef = CAC9D247A008ECFC97CF33CF /* ScoutFailureTests.swift */; };
		97EE5CE422009747138E8D43 /* CarnegieExtractorTests.swift in Sources */ = {isa = PBXBuildFile; fileRef = 784094A755CF0B2AF8D904B7 /* CarnegieExtractorTests.swift */; };
		A0AC29DD8EE01334319CAAD5 /* RootView.swift in Sources */ = {isa = PBXBuildFile; fileRef = 77C9D0C269C0084ADFE58328 /* RootView.swift */; };
		A113F3E85716A3058EA808D2 /* DownbeatExportWatcherTests.swift in Sources */ = {isa = PBXBuildFile; fileRef = 5CC8C3FF6F444021E825CFBE /* DownbeatExportWatcherTests.swift */; };
		A24B8F8D657AAD85A05B39AF /* SendThrottle.swift in Sources */ = {isa = PBXBuildFile; fileRef = BD454D9A197497DED827E01C /* SendThrottle.swift */; };
		A568A105B754E3A220EDD917 /* ReminderSettingsView.swift in Sources */ = {isa = PBXBuildFile; fileRef = EBDCFFF39EBE62517CF021C4 /* ReminderSettingsView.swift */; };
		A5AD8D5BA082FC4CA9E2F5AB /* AppleScriptOmniFocusClient.swift in Sources */ = {isa = PBXBuildFile; fileRef = 231902E5D155CC8939CF078E /* AppleScriptOmniFocusClient.swift */; };
		A8CD2E0531E96EFEA5557C36 /* ResultsImportTests.swift in Sources */ = {isa = PBXBuildFile; fileRef = 78AFDC7DC01B718B9C18B54C /* ResultsImportTests.swift */; };
		AFB90DA74925D502FFDDD5E0 /* PrepQueueContractTests.swift in Sources */ = {isa = PBXBuildFile; fileRef = 8346725D57DE5FF79B50AF8B /* PrepQueueContractTests.swift */; };
		B2D2ED69408C169F9F1658C6 /* Ranker.swift in Sources */ = {isa = PBXBuildFile; fileRef = 295AFE7FD066E8FA04E4EC2D /* Ranker.swift */; };
		B59A9FC6B274B0F898E07406 /* NaturalKeyTests.swift in Sources */ = {isa = PBXBuildFile; fileRef = B36D082430691342F0343826 /* NaturalKeyTests.swift */; };
		B5A59385FB8E1AEB9C710B47 /* VoiceGuidanceView.swift in Sources */ = {isa = PBXBuildFile; fileRef = 53E44875CE3B304B81DAA57A /* VoiceGuidanceView.swift */; };
		B8F2869EDCD83DED941DE6E0 /* ClassificationOverride.swift in Sources */ = {isa = PBXBuildFile; fileRef = 21465867C8C8C91EB41B9F68 /* ClassificationOverride.swift */; };
		B8FD5B15041C7E93CD754809 /* ReachedOutQueueTests.swift in Sources */ = {isa = PBXBuildFile; fileRef = 059EDC5EB5C24A84CB9A7C37 /* ReachedOutQueueTests.swift */; };
		BAFBBEF83992A1D7340C8D9C /* ScoutStatusTests.swift in Sources */ = {isa = PBXBuildFile; fileRef = FF01B805DA5B480951430061 /* ScoutStatusTests.swift */; };
		BCC0290EE5CB3895E45F2342 /* DraftCheck.swift in Sources */ = {isa = PBXBuildFile; fileRef = D3E1EB8F1FD834F2944330EC /* DraftCheck.swift */; };
		C1173E800878BB4F747E2273 /* ReplyService.swift in Sources */ = {isa = PBXBuildFile; fileRef = 76B93E8FC8C1C412E9F4A274 /* ReplyService.swift */; };
		C16DF56D58BFC994D195EF2F /* StoreLocation.swift in Sources */ = {isa = PBXBuildFile; fileRef = CACD3AB4E07DF321F56AE01C /* StoreLocation.swift */; };
		C19ECEA717481E97DFA33E2C /* GmailCredentials.swift in Sources */ = {isa = PBXBuildFile; fileRef = D1CF189903BC52B8964DFD8B /* GmailCredentials.swift */; };
		C40875617FC4C60F43BFA6D4 /* PrepImporter.swift in Sources */ = {isa = PBXBuildFile; fileRef = A04976ED97928B91FDE4C573 /* PrepImporter.swift */; };
		C673577557212A661D01E532 /* ScoutOutcomeWarningTests.swift in Sources */ = {isa = PBXBuildFile; fileRef = 2C000452A48174359570CDE9 /* ScoutOutcomeWarningTests.swift */; };
		C765AE9C8AF8A97CA627D61B /* RunGrouping.swift in Sources */ = {isa = PBXBuildFile; fileRef = 97DF326E45BD8893672AD58C /* RunGrouping.swift */; };
		C7775A1D20DC00F8E256642B /* DismissedProspectsTests.swift in Sources */ = {isa = PBXBuildFile; fileRef = 073482FF171FDD03F329446D /* DismissedProspectsTests.swift */; };
		CB5A089F01B10360E03F9392 /* OmniFocusSync.swift in Sources */ = {isa = PBXBuildFile; fileRef = A84298B6C8EA1E8A89770772 /* OmniFocusSync.swift */; };
		CC2314C11B59D0B0BAE7CE95 /* ConversationStateTests.swift in Sources */ = {isa = PBXBuildFile; fileRef = 03CC1D9B940C2E2847738B71 /* ConversationStateTests.swift */; };
		CF5F5ADAD4D52546E3B96EA4 /* GmailSender.swift in Sources */ = {isa = PBXBuildFile; fileRef = B8241C5C74975C9F06E4B505 /* GmailSender.swift */; };
		CFD4386F273F2151A04916FC /* PrepQueue.swift in Sources */ = {isa = PBXBuildFile; fileRef = 97E9DA8F6EFABE1B82CE4BE8 /* PrepQueue.swift */; };
		D1DA16CE093E998F279DC660 /* ProspectAssemblerTests.swift in Sources */ = {isa = PBXBuildFile; fileRef = 55D2CD6E3596C49C463321EA /* ProspectAssemblerTests.swift */; };
		D3D1FD57D74D4440175FCB03 /* QueueModelTests.swift in Sources */ = {isa = PBXBuildFile; fileRef = B1F488479D4DEA383519C548 /* QueueModelTests.swift */; };
		D6427CB831C0CA5366638D5A /* FollowUpTests.swift in Sources */ = {isa = PBXBuildFile; fileRef = 58091E7E5682F2DC98DF631F /* FollowUpTests.swift */; };
		D94B2CC284F406DF250C901C /* ClassificationOverrideTests.swift in Sources */ = {isa = PBXBuildFile; fileRef = 04423CAB808AFFABA409121C /* ClassificationOverrideTests.swift */; };
		DA4AC8C2D48649D2D8EE6C0B /* PrepResults.swift in Sources */ = {isa = PBXBuildFile; fileRef = A994B8F944AA55C7BF692874 /* PrepResults.swift */; };
		DAC5893A8F90B32F203F4558 /* GmailAuthExpiryTests.swift in Sources */ = {isa = PBXBuildFile; fileRef = 2787A4F75772AA074BD37003 /* GmailAuthExpiryTests.swift */; };
		DBEAF2D810698FF79222656D /* GmailMessageTests.swift in Sources */ = {isa = PBXBuildFile; fileRef = 5D6A768536BCBD7F7BBA2452 /* GmailMessageTests.swift */; };
		DD72945D29200E20650D5F29 /* AlgoliaCalendarTests.swift in Sources */ = {isa = PBXBuildFile; fileRef = BD587798641230016EE94CDA /* AlgoliaCalendarTests.swift */; };
		DDE9A993CA6F315D1BBB4F1F /* AlgoliaCalendar.swift in Sources */ = {isa = PBXBuildFile; fileRef = 21E61D4E3018F1962ABE8602 /* AlgoliaCalendar.swift */; };
		E2FCB5236D9D9C6A83D80373 /* EventClassifierTests.swift in Sources */ = {isa = PBXBuildFile; fileRef = DBC08DD66544C1916398438E /* EventClassifierTests.swift */; };
		E46CE1A0D702152776B43826 /* ResultsImporter.swift in Sources */ = {isa = PBXBuildFile; fileRef = AFE4D30240BCE6CB07CD1713 /* ResultsImporter.swift */; };
		E6D15D19508EDE0B6F3701AD /* WrapHStack.swift in Sources */ = {isa = PBXBuildFile; fileRef = 105BB4DA76C70DD7BD210835 /* WrapHStack.swift */; };
		E74059D0F45EA6B681F8B8A8 /* OmniFocusSyncStatusTests.swift in Sources */ = {isa = PBXBuildFile; fileRef = E894E2E958EE3100C3C5FE02 /* OmniFocusSyncStatusTests.swift */; };
		E7430F3B28C911A906E599AE /* LoopbackListener.swift in Sources */ = {isa = PBXBuildFile; fileRef = 931EEF833D4EAB6EBA62DAB2 /* LoopbackListener.swift */; };
		E745C2E2C77CCB9211C59B71 /* DownbeatExportHealthTests.swift in Sources */ = {isa = PBXBuildFile; fileRef = B479AD3011405F9BF9A2DA23 /* DownbeatExportHealthTests.swift */; };
		E8028E2B5F26AD6C323F09EF /* SendConfirmation.swift in Sources */ = {isa = PBXBuildFile; fileRef = AE4E85FCB552D0FFC474291F /* SendConfirmation.swift */; };
		E82E5F721B14BDEB66C1CB9F /* SendConfirmationTests.swift in Sources */ = {isa = PBXBuildFile; fileRef = E7401013CA3A714300090BE7 /* SendConfirmationTests.swift */; };
		E887FF57AD484D520F4726D9 /* ProspectAssembler.swift in Sources */ = {isa = PBXBuildFile; fileRef = 39078CF3F9C3902769283CB8 /* ProspectAssembler.swift */; };
		E9489A0304A44FF62806C6BE /* ConversationWiringTests.swift in Sources */ = {isa = PBXBuildFile; fileRef = EA67F4F05E408D248ACEDE48 /* ConversationWiringTests.swift */; };
		E953E2F9A05320E3CF28DD80 /* CarnegieExtractor.swift in Sources */ = {isa = PBXBuildFile; fileRef = 1277AABACF169CD59F453422 /* CarnegieExtractor.swift */; };
		EAC2553E7EBE5ECE02E367FD /* MatchingTests.swift in Sources */ = {isa = PBXBuildFile; fileRef = 50569449C10E9C4F6B69BD48 /* MatchingTests.swift */; };
		EC080F32703E24DB1A478221 /* FeedReconcileTests.swift in Sources */ = {isa = PBXBuildFile; fileRef = 441DBB83424EC6B0C89F99C2 /* FeedReconcileTests.swift */; };
		EEE094F2F6A96DF7F981E8C5 /* DownbeatExportWatcher.swift in Sources */ = {isa = PBXBuildFile; fileRef = 5BE4D1EEE03D1F3B43473EBE /* DownbeatExportWatcher.swift */; };
		EFC964E697651DC1E488C4B3 /* VoiceFeedbackService.swift in Sources */ = {isa = PBXBuildFile; fileRef = 29B1B340C5C9A1E6B98D0D4C /* VoiceFeedbackService.swift */; };
		F7AD03FD6783102EF0485DD6 /* VoiceGuidanceGuard.swift in Sources */ = {isa = PBXBuildFile; fileRef = EC7F3F5FCB2179A316B76715 /* VoiceGuidanceGuard.swift */; };
		F7C5DE7D218DC9B925774F2E /* FollowUp.swift in Sources */ = {isa = PBXBuildFile; fileRef = 45D46431A6EB08AEBB73E8A8 /* FollowUp.swift */; };
		F9A4D696E5BF48F27EE0BCDB /* ScoutSchedule.swift in Sources */ = {isa = PBXBuildFile; fileRef = E85CCBC10E94DCB73294F923 /* ScoutSchedule.swift */; };
		FA01CA7C102A7796B07EC9AF /* LocalHistoryTests.swift in Sources */ = {isa = PBXBuildFile; fileRef = 4C7C1703A7C49EFB8B8309E7 /* LocalHistoryTests.swift */; };
		FAD40EB13C04E1CCFB213436 /* OvertureDeepLinkTests.swift in Sources */ = {isa = PBXBuildFile; fileRef = 35A5F71943676BDD3495EB3C /* OvertureDeepLinkTests.swift */; };
		FB3A213BC2DB7F321180556B /* GmailMessage.swift in Sources */ = {isa = PBXBuildFile; fileRef = 6908EFE958F78F7313DBEAF3 /* GmailMessage.swift */; };
		FB3EF2A3C42A87EC4BD43E42 /* ConversationReminderTests.swift in Sources */ = {isa = PBXBuildFile; fileRef = 7EC7705A1EFBF119680F9328 /* ConversationReminderTests.swift */; };
		FBB014F565369838DFA38489 /* AgentRosterTests.swift in Sources */ = {isa = PBXBuildFile; fileRef = CD1B2A1E0965458811A3C207 /* AgentRosterTests.swift */; };
		FCB2C21AD54A8CED6C8EA538 /* RunGroupingTests.swift in Sources */ = {isa = PBXBuildFile; fileRef = 5BD4279B7F55F3204ADE126D /* RunGroupingTests.swift */; };
		FEB51866278C885610064F34 /* LocalHistory.swift in Sources */ = {isa = PBXBuildFile; fileRef = 8E8CE9327EAB13D8526847F9 /* LocalHistory.swift */; };
/* End PBXBuildFile section */

/* Begin PBXContainerItemProxy section */
		9ACDB5C01CB0BB994E037C1C /* PBXContainerItemProxy */ = {
			isa = PBXContainerItemProxy;
			containerPortal = BCA18CFE588C3661CD98276F /* Project object */;
			proxyType = 1;
			remoteGlobalIDString = 677BF9FCF706441D44547ED2;
			remoteInfo = Overture;
		};
/* End PBXContainerItemProxy section */

/* Begin PBXFileReference section */
		00E563EC137DDC54063B7980 /* PrepImporterTests.swift */ = {isa = PBXFileReference; lastKnownFileType = sourcecode.swift; path = PrepImporterTests.swift; sourceTree = "<group>"; };
		03CC1D9B940C2E2847738B71 /* ConversationStateTests.swift */ = {isa = PBXFileReference; lastKnownFileType = sourcecode.swift; path = ConversationStateTests.swift; sourceTree = "<group>"; };
		04423CAB808AFFABA409121C /* ClassificationOverrideTests.swift */ = {isa = PBXFileReference; lastKnownFileType = sourcecode.swift; path = ClassificationOverrideTests.swift; sourceTree = "<group>"; };
		059EDC5EB5C24A84CB9A7C37 /* ReachedOutQueueTests.swift */ = {isa = PBXFileReference; lastKnownFileType = sourcecode.swift; path = ReachedOutQueueTests.swift; sourceTree = "<group>"; };
		05FC9101B28E619EC58B8E85 /* VoiceNotesProtectorTests.swift */ = {isa = PBXFileReference; lastKnownFileType = sourcecode.swift; path = VoiceNotesProtectorTests.swift; sourceTree = "<group>"; };
		06CDC4E814516BA0EF92C56D /* ReachedOutQueue.swift */ = {isa = PBXFileReference; lastKnownFileType = sourcecode.swift; path = ReachedOutQueue.swift; sourceTree = "<group>"; };
		073482FF171FDD03F329446D /* DismissedProspectsTests.swift */ = {isa = PBXFileReference; lastKnownFileType = sourcecode.swift; path = DismissedProspectsTests.swift; sourceTree = "<group>"; };
		07962FBB80CEC48C06592086 /* OutcomePatternsView.swift */ = {isa = PBXFileReference; lastKnownFileType = sourcecode.swift; path = OutcomePatternsView.swift; sourceTree = "<group>"; };
		0845A26D25EC532196D63BF2 /* ClassificationConfidenceTests.swift */ = {isa = PBXFileReference; lastKnownFileType = sourcecode.swift; path = ClassificationConfidenceTests.swift; sourceTree = "<group>"; };
		0E57D965CBEDF36F107333EB /* DetachedRunner.swift */ = {isa = PBXFileReference; lastKnownFileType = sourcecode.swift; path = DetachedRunner.swift; sourceTree = "<group>"; };
		105BB4DA76C70DD7BD210835 /* WrapHStack.swift */ = {isa = PBXFileReference; lastKnownFileType = sourcecode.swift; path = WrapHStack.swift; sourceTree = "<group>"; };
		10BF247B7FD0179047746EA2 /* ReplyDetectionTests.swift */ = {isa = PBXFileReference; lastKnownFileType = sourcecode.swift; path = ReplyDetectionTests.swift; sourceTree = "<group>"; };
		1277AABACF169CD59F453422 /* CarnegieExtractor.swift */ = {isa = PBXFileReference; lastKnownFileType = sourcecode.swift; path = CarnegieExtractor.swift; sourceTree = "<group>"; };
		12D297D7D973801AE1CBB08A /* DebugStagingTests.swift */ = {isa = PBXFileReference; lastKnownFileType = sourcecode.swift; path = DebugStagingTests.swift; sourceTree = "<group>"; };
		1942D70A38A419E78AF4D91D /* BookingMatchTests.swift */ = {isa = PBXFileReference; lastKnownFileType = sourcecode.swift; path = BookingMatchTests.swift; sourceTree = "<group>"; };
		19DFF66FCAE3F43F3F5966B5 /* VoiceFeedback.swift */ = {isa = PBXFileReference; lastKnownFileType = sourcecode.swift; path = VoiceFeedback.swift; sourceTree = "<group>"; };
		1BA8782BE24D5499DA7D1C9A /* OmniFocusSyncTests.swift */ = {isa = PBXFileReference; lastKnownFileType = sourcecode.swift; path = OmniFocusSyncTests.swift; sourceTree = "<group>"; };
		1E78896912D9D3956B8E19C0 /* StoreLockTests.swift */ = {isa = PBXFileReference; lastKnownFileType = sourcecode.swift; path = StoreLockTests.swift; sourceTree = "<group>"; };
		21465867C8C8C91EB41B9F68 /* ClassificationOverride.swift */ = {isa = PBXFileReference; lastKnownFileType = sourcecode.swift; path = ClassificationOverride.swift; sourceTree = "<group>"; };
		21E61D4E3018F1962ABE8602 /* AlgoliaCalendar.swift */ = {isa = PBXFileReference; lastKnownFileType = sourcecode.swift; path = AlgoliaCalendar.swift; sourceTree = "<group>"; };
		222C952AB1A28F9E5785EFA9 /* AgentRoster.swift */ = {isa = PBXFileReference; lastKnownFileType = sourcecode.swift; path = AgentRoster.swift; sourceTree = "<group>"; };
		231902E5D155CC8939CF078E /* AppleScriptOmniFocusClient.swift */ = {isa = PBXFileReference; lastKnownFileType = sourcecode.swift; path = AppleScriptOmniFocusClient.swift; sourceTree = "<group>"; };
		25CEA888631E3F3292A7A5FB /* GmailSenderTests.swift */ = {isa = PBXFileReference; lastKnownFileType = sourcecode.swift; path = GmailSenderTests.swift; sourceTree = "<group>"; };
		2730C91E327DE3CA26C11BB6 /* ScoutFailure.swift */ = {isa = PBXFileReference; lastKnownFileType = sourcecode.swift; path = ScoutFailure.swift; sourceTree = "<group>"; };
		2787A4F75772AA074BD37003 /* GmailAuthExpiryTests.swift */ = {isa = PBXFileReference; lastKnownFileType = sourcecode.swift; path = GmailAuthExpiryTests.swift; sourceTree = "<group>"; };
		29142D7CC954AB5D8C0B6052 /* ReplyClassifyImporterTests.swift */ = {isa = PBXFileReference; lastKnownFileType = sourcecode.swift; path = ReplyClassifyImporterTests.swift; sourceTree = "<group>"; };
		295AFE7FD066E8FA04E4EC2D /* Ranker.swift */ = {isa = PBXFileReference; lastKnownFileType = sourcecode.swift; path = Ranker.swift; sourceTree = "<group>"; };
		29B1B340C5C9A1E6B98D0D4C /* VoiceFeedbackService.swift */ = {isa = PBXFileReference; lastKnownFileType = sourcecode.swift; path = VoiceFeedbackService.swift; sourceTree = "<group>"; };
		2BEF53A35386C9A1C2BF8967 /* ReplyDetection.swift */ = {isa = PBXFileReference; lastKnownFileType = sourcecode.swift; path = ReplyDetection.swift; sourceTree = "<group>"; };
		2C000452A48174359570CDE9 /* ScoutOutcomeWarningTests.swift */ = {isa = PBXFileReference; lastKnownFileType = sourcecode.swift; path = ScoutOutcomeWarningTests.swift; sourceTree = "<group>"; };
		2D9834539BA47D783475B28C /* ProspectRowView.swift */ = {isa = PBXFileReference; lastKnownFileType = sourcecode.swift; path = ProspectRowView.swift; sourceTree = "<group>"; };
		31A5557CED5338E486C41325 /* VoiceGuidanceStoreTests.swift */ = {isa = PBXFileReference; lastKnownFileType = sourcecode.swift; path = VoiceGuidanceStoreTests.swift; sourceTree = "<group>"; };
		35A5F71943676BDD3495EB3C /* OvertureDeepLinkTests.swift */ = {isa = PBXFileReference; lastKnownFileType = sourcecode.swift; path = OvertureDeepLinkTests.swift; sourceTree = "<group>"; };
		3705BA568ACF80E4BE5ECBEF /* ReplyClassify.swift */ = {isa = PBXFileReference; lastKnownFileType = sourcecode.swift; path = ReplyClassify.swift; sourceTree = "<group>"; };
		39078CF3F9C3902769283CB8 /* ProspectAssembler.swift */ = {isa = PBXFileReference; lastKnownFileType = sourcecode.swift; path = ProspectAssembler.swift; sourceTree = "<group>"; };
		39E6FD194E3EAEC89C465A64 /* MailSender.swift */ = {isa = PBXFileReference; lastKnownFileType = sourcecode.swift; path = MailSender.swift; sourceTree = "<group>"; };
		3E566BF21113A106596C9F83 /* ReplyClassifyService.swift */ = {isa = PBXFileReference; lastKnownFileType = sourcecode.swift; path = ReplyClassifyService.swift; sourceTree = "<group>"; };
		3ECEC0B6BC82DF1F399A090B /* PrepQueueService.swift */ = {isa = PBXFileReference; lastKnownFileType = sourcecode.swift; path = PrepQueueService.swift; sourceTree = "<group>"; };
		40CF6CBD38B166375337761C /* VoiceGuidanceStore.swift */ = {isa = PBXFileReference; lastKnownFileType = sourcecode.swift; path = VoiceGuidanceStore.swift; sourceTree = "<group>"; };
		420EC153064F83BE06351CC9 /* FollowUpsView.swift */ = {isa = PBXFileReference; lastKnownFileType = sourcecode.swift; path = FollowUpsView.swift; sourceTree = "<group>"; };
		441DBB83424EC6B0C89F99C2 /* FeedReconcileTests.swift */ = {isa = PBXFileReference; lastKnownFileType = sourcecode.swift; path = FeedReconcileTests.swift; sourceTree = "<group>"; };
		45D46431A6EB08AEBB73E8A8 /* FollowUp.swift */ = {isa = PBXFileReference; lastKnownFileType = sourcecode.swift; path = FollowUp.swift; sourceTree = "<group>"; };
		483ACB043AC4675CDD9C29AB /* OutcomePatternsTests.swift */ = {isa = PBXFileReference; lastKnownFileType = sourcecode.swift; path = OutcomePatternsTests.swift; sourceTree = "<group>"; };
		485074981926D5C2F5966501 /* DismissedView.swift */ = {isa = PBXFileReference; lastKnownFileType = sourcecode.swift; path = DismissedView.swift; sourceTree = "<group>"; };
		48833E92062362801EA65D62 /* OvertureTests.xctest */ = {isa = PBXFileReference; explicitFileType = wrapper.cfbundle; includeInIndex = 0; path = OvertureTests.xctest; sourceTree = BUILT_PRODUCTS_DIR; };
		49F5F8AA3F96586760B26AC8 /* OvertureDeepLink.swift */ = {isa = PBXFileReference; lastKnownFileType = sourcecode.swift; path = OvertureDeepLink.swift; sourceTree = "<group>"; };
		4C7C1703A7C49EFB8B8309E7 /* LocalHistoryTests.swift */ = {isa = PBXFileReference; lastKnownFileType = sourcecode.swift; path = LocalHistoryTests.swift; sourceTree = "<group>"; };
		4CA74E69A3B5A93757627A5C /* ConversationReminderConfigTests.swift */ = {isa = PBXFileReference; lastKnownFileType = sourcecode.swift; path = ConversationReminderConfigTests.swift; sourceTree = "<group>"; };
		50350E8E010D01DD330869F0 /* GoogleOAuthTests.swift */ = {isa = PBXFileReference; lastKnownFileType = sourcecode.swift; path = GoogleOAuthTests.swift; sourceTree = "<group>"; };
		50569449C10E9C4F6B69BD48 /* MatchingTests.swift */ = {isa = PBXFileReference; lastKnownFileType = sourcecode.swift; path = MatchingTests.swift; sourceTree = "<group>"; };
		506D734A84A056EAEF4C60B0 /* VoiceGuidanceGuardTests.swift */ = {isa = PBXFileReference; lastKnownFileType = sourcecode.swift; path = VoiceGuidanceGuardTests.swift; sourceTree = "<group>"; };
		53E44875CE3B304B81DAA57A /* VoiceGuidanceView.swift */ = {isa = PBXFileReference; lastKnownFileType = sourcecode.swift; path = VoiceGuidanceView.swift; sourceTree = "<group>"; };
		54DBE94855F8556BD54A8820 /* PrepQueueTests.swift */ = {isa = PBXFileReference; lastKnownFileType = sourcecode.swift; path = PrepQueueTests.swift; sourceTree = "<group>"; };
		55D2CD6E3596C49C463321EA /* ProspectAssemblerTests.swift */ = {isa = PBXFileReference; lastKnownFileType = sourcecode.swift; path = ProspectAssemblerTests.swift; sourceTree = "<group>"; };
		57B9D7D606522FE8925BFC1F /* QueuePriorityBreakdownTests.swift */ = {isa = PBXFileReference; lastKnownFileType = sourcecode.swift; path = QueuePriorityBreakdownTests.swift; sourceTree = "<group>"; };
		58091E7E5682F2DC98DF631F /* FollowUpTests.swift */ = {isa = PBXFileReference; lastKnownFileType = sourcecode.swift; path = FollowUpTests.swift; sourceTree = "<group>"; };
		5B70E5FB7C632BC18DBABE7E /* QueueView.swift */ = {isa = PBXFileReference; lastKnownFileType = sourcecode.swift; path = QueueView.swift; sourceTree = "<group>"; };
		5BD4279B7F55F3204ADE126D /* RunGroupingTests.swift */ = {isa = PBXFileReference; lastKnownFileType = sourcecode.swift; path = RunGroupingTests.swift; sourceTree = "<group>"; };
		5BE4D1EEE03D1F3B43473EBE /* DownbeatExportWatcher.swift */ = {isa = PBXFileReference; lastKnownFileType = sourcecode.swift; path = DownbeatExportWatcher.swift; sourceTree = "<group>"; };
		5CC8C3FF6F444021E825CFBE /* DownbeatExportWatcherTests.swift */ = {isa = PBXFileReference; lastKnownFileType = sourcecode.swift; path = DownbeatExportWatcherTests.swift; sourceTree = "<group>"; };
		5D6A768536BCBD7F7BBA2452 /* GmailMessageTests.swift */ = {isa = PBXFileReference; lastKnownFileType = sourcecode.swift; path = GmailMessageTests.swift; sourceTree = "<group>"; };
		5D786A37D92F867863061D6A /* OutcomePatterns.swift */ = {isa = PBXFileReference; lastKnownFileType = sourcecode.swift; path = OutcomePatterns.swift; sourceTree = "<group>"; };
		612B38A4015CC81015D5D0B9 /* PrepStatusTests.swift */ = {isa = PBXFileReference; lastKnownFileType = sourcecode.swift; path = PrepStatusTests.swift; sourceTree = "<group>"; };
		61BFE4E6528A1F2DB7FA5E67 /* GroupNameDriftTests.swift */ = {isa = PBXFileReference; lastKnownFileType = sourcecode.swift; path = GroupNameDriftTests.swift; sourceTree = "<group>"; };
		629B1479E6AF604949EB439B /* QueuePriorityBreakdown.swift */ = {isa = PBXFileReference; lastKnownFileType = sourcecode.swift; path = QueuePriorityBreakdown.swift; sourceTree = "<group>"; };
		637CE6DCB47850272BCB073A /* ScoutService.swift */ = {isa = PBXFileReference; lastKnownFileType = sourcecode.swift; path = ScoutService.swift; sourceTree = "<group>"; };
		63F8BDF3177782E6E83DD846 /* Info.plist */ = {isa = PBXFileReference; lastKnownFileType = text.plist; path = Info.plist; sourceTree = "<group>"; };
		63FA3A9DF520050E6151FB89 /* ReplyClassifyImporter.swift */ = {isa = PBXFileReference; lastKnownFileType = sourcecode.swift; path = ReplyClassifyImporter.swift; sourceTree = "<group>"; };
		65B129F207D7325A80D5360D /* DismissedProspects.swift */ = {isa = PBXFileReference; lastKnownFileType = sourcecode.swift; path = DismissedProspects.swift; sourceTree = "<group>"; };
		670A67A482A1C4EAAF8F8355 /* GoogleOAuth.swift */ = {isa = PBXFileReference; lastKnownFileType = sourcecode.swift; path = GoogleOAuth.swift; sourceTree = "<group>"; };
		6908EFE958F78F7313DBEAF3 /* GmailMessage.swift */ = {isa = PBXFileReference; lastKnownFileType = sourcecode.swift; path = GmailMessage.swift; sourceTree = "<group>"; };
		694D5E32D7521B59A78C9414 /* BackgroundServicesGateTests.swift */ = {isa = PBXFileReference; lastKnownFileType = sourcecode.swift; path = BackgroundServicesGateTests.swift; sourceTree = "<group>"; };
		6C22E2042542477FF4D916B3 /* Prospect.swift */ = {isa = PBXFileReference; lastKnownFileType = sourcecode.swift; path = Prospect.swift; sourceTree = "<group>"; };
		6D782E08C651DE5D0AA3A899 /* DraftReviewView.swift */ = {isa = PBXFileReference; lastKnownFileType = sourcecode.swift; path = DraftReviewView.swift; sourceTree = "<group>"; };
		6E802B334BDB315718EC86C0 /* GmailAuthManager.swift */ = {isa = PBXFileReference; lastKnownFileType = sourcecode.swift; path = GmailAuthManager.swift; sourceTree = "<group>"; };
		715B637F291B723A32F86486 /* QueueView+Model.swift */ = {isa = PBXFileReference; lastKnownFileType = sourcecode.swift; path = "QueueView+Model.swift"; sourceTree = "<group>"; };
		75EF1A94243625631CFBC6E7 /* ScoutServiceTests.swift */ = {isa = PBXFileReference; lastKnownFileType = sourcecode.swift; path = ScoutServiceTests.swift; sourceTree = "<group>"; };
		76B93E8FC8C1C412E9F4A274 /* ReplyService.swift */ = {isa = PBXFileReference; lastKnownFileType = sourcecode.swift; path = ReplyService.swift; sourceTree = "<group>"; };
		77B7A4C6AD8EBE8980C25DBC /* EasternDate.swift */ = {isa = PBXFileReference; lastKnownFileType = sourcecode.swift; path = EasternDate.swift; sourceTree = "<group>"; };
		77C9D0C269C0084ADFE58328 /* RootView.swift */ = {isa = PBXFileReference; lastKnownFileType = sourcecode.swift; path = RootView.swift; sourceTree = "<group>"; };
		780FA66ADB1FB483CA9CAEAB /* StoreLock.swift */ = {isa = PBXFileReference; lastKnownFileType = sourcecode.swift; path = StoreLock.swift; sourceTree = "<group>"; };
		784094A755CF0B2AF8D904B7 /* CarnegieExtractorTests.swift */ = {isa = PBXFileReference; lastKnownFileType = sourcecode.swift; path = CarnegieExtractorTests.swift; sourceTree = "<group>"; };
		78AFDC7DC01B718B9C18B54C /* ResultsImportTests.swift */ = {isa = PBXFileReference; lastKnownFileType = sourcecode.swift; path = ResultsImportTests.swift; sourceTree = "<group>"; };
		78E5F6DE2F1B4741F5F0DF2B /* StoreUnavailableView.swift */ = {isa = PBXFileReference; lastKnownFileType = sourcecode.swift; path = StoreUnavailableView.swift; sourceTree = "<group>"; };
		7EC7705A1EFBF119680F9328 /* ConversationReminderTests.swift */ = {isa = PBXFileReference; lastKnownFileType = sourcecode.swift; path = ConversationReminderTests.swift; sourceTree = "<group>"; };
		829EE2F8C8D00FB6BD62E196 /* DownbeatExport.swift */ = {isa = PBXFileReference; lastKnownFileType = sourcecode.swift; path = DownbeatExport.swift; sourceTree = "<group>"; };
		82C7BC03DCBF8D7D88007436 /* DebugStaging.swift */ = {isa = PBXFileReference; lastKnownFileType = sourcecode.swift; path = DebugStaging.swift; sourceTree = "<group>"; };
		8346725D57DE5FF79B50AF8B /* PrepQueueContractTests.swift */ = {isa = PBXFileReference; lastKnownFileType = sourcecode.swift; path = PrepQueueContractTests.swift; sourceTree = "<group>"; };
		84AE10D36682E3684202FBBE /* BookingMatch.swift */ = {isa = PBXFileReference; lastKnownFileType = sourcecode.swift; path = BookingMatch.swift; sourceTree = "<group>"; };
		8B66C9CFB43F669F34124D47 /* VoiceFeedbackTests.swift */ = {isa = PBXFileReference; lastKnownFileType = sourcecode.swift; path = VoiceFeedbackTests.swift; sourceTree = "<group>"; };
		8C123ECEC709AA3AEFD20BF5 /* EasternDateTests.swift */ = {isa = PBXFileReference; lastKnownFileType = sourcecode.swift; path = EasternDateTests.swift; sourceTree = "<group>"; };
		8E8CE9327EAB13D8526847F9 /* LocalHistory.swift */ = {isa = PBXFileReference; lastKnownFileType = sourcecode.swift; path = LocalHistory.swift; sourceTree = "<group>"; };
		931EEF833D4EAB6EBA62DAB2 /* LoopbackListener.swift */ = {isa = PBXFileReference; lastKnownFileType = sourcecode.swift; path = LoopbackListener.swift; sourceTree = "<group>"; };
		946729B6E11E8A1EDB184CF4 /* OutcomeStats.swift */ = {isa = PBXFileReference; lastKnownFileType = sourcecode.swift; path = OutcomeStats.swift; sourceTree = "<group>"; };
		952C8BA810BF5FDC67DF259D /* ResultsFile.swift */ = {isa = PBXFileReference; lastKnownFileType = sourcecode.swift; path = ResultsFile.swift; sourceTree = "<group>"; };
		96B240AD82A5B280E1AA7B55 /* DraftEditCaptureTests.swift */ = {isa = PBXFileReference; lastKnownFileType = sourcecode.swift; path = DraftEditCaptureTests.swift; sourceTree = "<group>"; };
		97DF326E45BD8893672AD58C /* RunGrouping.swift */ = {isa = PBXFileReference; lastKnownFileType = sourcecode.swift; path = RunGrouping.swift; sourceTree = "<group>"; };
		97E9DA8F6EFABE1B82CE4BE8 /* PrepQueue.swift */ = {isa = PBXFileReference; lastKnownFileType = sourcecode.swift; path = PrepQueue.swift; sourceTree = "<group>"; };
		98F9028B89AB5EDEFDADF826 /* LoopbackListenerTests.swift */ = {isa = PBXFileReference; lastKnownFileType = sourcecode.swift; path = LoopbackListenerTests.swift; sourceTree = "<group>"; };
		9BDDA5B65CE959D25BB9239A /* ReplyBodyTests.swift */ = {isa = PBXFileReference; lastKnownFileType = sourcecode.swift; path = ReplyBodyTests.swift; sourceTree = "<group>"; };
		9D9911D8933E5922C0894D82 /* ConversationNudgeTests.swift */ = {isa = PBXFileReference; lastKnownFileType = sourcecode.swift; path = ConversationNudgeTests.swift; sourceTree = "<group>"; };
		9E10A3A36DE78E73EF6EAE0B /* ReviewStatus.swift */ = {isa = PBXFileReference; lastKnownFileType = sourcecode.swift; path = ReviewStatus.swift; sourceTree = "<group>"; };
		A04976ED97928B91FDE4C573 /* PrepImporter.swift */ = {isa = PBXFileReference; lastKnownFileType = sourcecode.swift; path = PrepImporter.swift; sourceTree = "<group>"; };
		A1E34ACF451D3A4FE053FB7E /* ScoutScheduleTests.swift */ = {isa = PBXFileReference; lastKnownFileType = sourcecode.swift; path = ScoutScheduleTests.swift; sourceTree = "<group>"; };
		A545056FEEAA77E0FFA0D2E6 /* DesignTokens.swift */ = {isa = PBXFileReference; lastKnownFileType = sourcecode.swift; path = DesignTokens.swift; sourceTree = "<group>"; };
		A84298B6C8EA1E8A89770772 /* OmniFocusSync.swift */ = {isa = PBXFileReference; lastKnownFileType = sourcecode.swift; path = OmniFocusSync.swift; sourceTree = "<group>"; };
		A845FED20A605560CC21DB4A /* EventClassifier.swift */ = {isa = PBXFileReference; lastKnownFileType = sourcecode.swift; path = EventClassifier.swift; sourceTree = "<group>"; };
		A994B8F944AA55C7BF692874 /* PrepResults.swift */ = {isa = PBXFileReference; lastKnownFileType = sourcecode.swift; path = PrepResults.swift; sourceTree = "<group>"; };
		AA8D2818D1C0214152E05C92 /* ScoutStatus.swift */ = {isa = PBXFileReference; lastKnownFileType = sourcecode.swift; path = ScoutStatus.swift; sourceTree = "<group>"; };
		AA9397FDF7E49A3E34623AD3 /* OutcomeStatsTests.swift */ = {isa = PBXFileReference; lastKnownFileType = sourcecode.swift; path = OutcomeStatsTests.swift; sourceTree = "<group>"; };
		ABB209BD8716EB1330E81E67 /* FeedReconcile.swift */ = {isa = PBXFileReference; lastKnownFileType = sourcecode.swift; path = FeedReconcile.swift; sourceTree = "<group>"; };
		ABE40D9C39DD8B70A715F0F2 /* GroupNameMatch.swift */ = {isa = PBXFileReference; lastKnownFileType = sourcecode.swift; path = GroupNameMatch.swift; sourceTree = "<group>"; };
		AE4E85FCB552D0FFC474291F /* SendConfirmation.swift */ = {isa = PBXFileReference; lastKnownFileType = sourcecode.swift; path = SendConfirmation.swift; sourceTree = "<group>"; };
		AF4119F46C425347924DB572 /* ReplyClassifyServiceTests.swift */ = {isa = PBXFileReference; lastKnownFileType = sourcecode.swift; path = ReplyClassifyServiceTests.swift; sourceTree = "<group>"; };
		AF936B56EA75558296D03EFE /* RefreshResponseTests.swift */ = {isa = PBXFileReference; lastKnownFileType = sourcecode.swift; path = RefreshResponseTests.swift; sourceTree = "<group>"; };
		AFE4D30240BCE6CB07CD1713 /* ResultsImporter.swift */ = {isa = PBXFileReference; lastKnownFileType = sourcecode.swift; path = ResultsImporter.swift; sourceTree = "<group>"; };
		B03027BBDEDB1185CBDDC376 /* ResultsRunFieldsTests.swift */ = {isa = PBXFileReference; lastKnownFileType = sourcecode.swift; path = ResultsRunFieldsTests.swift; sourceTree = "<group>"; };
		B075FC1DB65AFA2E46FD21A3 /* HistoryMatch.swift */ = {isa = PBXFileReference; lastKnownFileType = sourcecode.swift; path = HistoryMatch.swift; sourceTree = "<group>"; };
		B1417C41A53BFC9C1A9ED6D5 /* PrepRunOutcomeTests.swift */ = {isa = PBXFileReference; lastKnownFileType = sourcecode.swift; path = PrepRunOutcomeTests.swift; sourceTree = "<group>"; };
		B1F488479D4DEA383519C548 /* QueueModelTests.swift */ = {isa = PBXFileReference; lastKnownFileType = sourcecode.swift; path = QueueModelTests.swift; sourceTree = "<group>"; };
		B20D7FD318D128229C69A6CE /* PrepResultsContractTests.swift */ = {isa = PBXFileReference; lastKnownFileType = sourcecode.swift; path = PrepResultsContractTests.swift; sourceTree = "<group>"; };
		B2624284F3BAF85D48AF1DC5 /* OmniFocusSyncStatus.swift */ = {isa = PBXFileReference; lastKnownFileType = sourcecode.swift; path = OmniFocusSyncStatus.swift; sourceTree = "<group>"; };
		B2801930347D081A9A4674D2 /* ConversationReminder.swift */ = {isa = PBXFileReference; lastKnownFileType = sourcecode.swift; path = ConversationReminder.swift; sourceTree = "<group>"; };
		B2E8C30BA496E5958478D6FE /* SendDeadlockGuardTests.swift */ = {isa = PBXFileReference; lastKnownFileType = sourcecode.swift; path = SendDeadlockGuardTests.swift; sourceTree = "<group>"; };
		B30D320FEBBA85BDF8EC7A4F /* Assets.xcassets */ = {isa = PBXFileReference; lastKnownFileType = folder.assetcatalog; path = Assets.xcassets; sourceTree = "<group>"; };
		B36D082430691342F0343826 /* NaturalKeyTests.swift */ = {isa = PBXFileReference; lastKnownFileType = sourcecode.swift; path = NaturalKeyTests.swift; sourceTree = "<group>"; };
		B479AD3011405F9BF9A2DA23 /* DownbeatExportHealthTests.swift */ = {isa = PBXFileReference; lastKnownFileType = sourcecode.swift; path = DownbeatExportHealthTests.swift; sourceTree = "<group>"; };
		B730D9D74C05F700D65AB92D /* LocalHistoryContractTests.swift */ = {isa = PBXFileReference; lastKnownFileType = sourcecode.swift; path = LocalHistoryContractTests.swift; sourceTree = "<group>"; };
		B8241C5C74975C9F06E4B505 /* GmailSender.swift */ = {isa = PBXFileReference; lastKnownFileType = sourcecode.swift; path = GmailSender.swift; sourceTree = "<group>"; };
		B9F7EDB806B788E4A5BE8BC4 /* VoiceFeedbackContractTests.swift */ = {isa = PBXFileReference; lastKnownFileType = sourcecode.swift; path = VoiceFeedbackContractTests.swift; sourceTree = "<group>"; };
		BD454D9A197497DED827E01C /* SendThrottle.swift */ = {isa = PBXFileReference; lastKnownFileType = sourcecode.swift; path = SendThrottle.swift; sourceTree = "<group>"; };
		BD587798641230016EE94CDA /* AlgoliaCalendarTests.swift */ = {isa = PBXFileReference; lastKnownFileType = sourcecode.swift; path = AlgoliaCalendarTests.swift; sourceTree = "<group>"; };
		BE2828C9E7342BC961B7DF77 /* VenueParser.swift */ = {isa = PBXFileReference; lastKnownFileType = sourcecode.swift; path = VenueParser.swift; sourceTree = "<group>"; };
		BE9DD8D0A1B26CB6C411B3FD /* ReplyCaptureTests.swift */ = {isa = PBXFileReference; lastKnownFileType = sourcecode.swift; path = ReplyCaptureTests.swift; sourceTree = "<group>"; };
		BF13A18B3F23144C2AEAF3BD /* DownbeatBooking.swift */ = {isa = PBXFileReference; lastKnownFileType = sourcecode.swift; path = DownbeatBooking.swift; sourceTree = "<group>"; };
		C121333725BE3A6DD00F4709 /* Overture.app */ = {isa = PBXFileReference; explicitFileType = wrapper.application; includeInIndex = 0; path = Overture.app; sourceTree = BUILT_PRODUCTS_DIR; };
		C37374FD3A2F73C11538500F /* VenueParserTests.swift */ = {isa = PBXFileReference; lastKnownFileType = sourcecode.swift; path = VenueParserTests.swift; sourceTree = "<group>"; };
		C3ADC0E8F2B910DDEFF34E45 /* GmailReplyCheckerTests.swift */ = {isa = PBXFileReference; lastKnownFileType = sourcecode.swift; path = GmailReplyCheckerTests.swift; sourceTree = "<group>"; };
		C51E45D444B437620D40DC7B /* ReplyClassifyContractTests.swift */ = {isa = PBXFileReference; lastKnownFileType = sourcecode.swift; path = ReplyClassifyContractTests.swift; sourceTree = "<group>"; };
		CAC9D247A008ECFC97CF33CF /* ScoutFailureTests.swift */ = {isa = PBXFileReference; lastKnownFileType = sourcecode.swift; path = ScoutFailureTests.swift; sourceTree = "<group>"; };
		CACD3AB4E07DF321F56AE01C /* StoreLocation.swift */ = {isa = PBXFileReference; lastKnownFileType = sourcecode.swift; path = StoreLocation.swift; sourceTree = "<group>"; };
		CD1B2A1E0965458811A3C207 /* AgentRosterTests.swift */ = {isa = PBXFileReference; lastKnownFileType = sourcecode.swift; path = AgentRosterTests.swift; sourceTree = "<group>"; };
		CED5B3A0D5D7B33059542583 /* GmailReplyChecker.swift */ = {isa = PBXFileReference; lastKnownFileType = sourcecode.swift; path = GmailReplyChecker.swift; sourceTree = "<group>"; };
		D1CF189903BC52B8964DFD8B /* GmailCredentials.swift */ = {isa = PBXFileReference; lastKnownFileType = sourcecode.swift; path = GmailCredentials.swift; sourceTree = "<group>"; };
		D3E1EB8F1FD834F2944330EC /* DraftCheck.swift */ = {isa = PBXFileReference; lastKnownFileType = sourcecode.swift; path = DraftCheck.swift; sourceTree = "<group>"; };
		D9B0914E3F338108E97924DF /* OvertureApp.swift */ = {isa = PBXFileReference; lastKnownFileType = sourcecode.swift; path = OvertureApp.swift; sourceTree = "<group>"; };
		D9D89F1B587811F93E5DB892 /* VoiceNotesProtector.swift */ = {isa = PBXFileReference; lastKnownFileType = sourcecode.swift; path = VoiceNotesProtector.swift; sourceTree = "<group>"; };
		DA52A2DA17906C043DC938EF /* SendThrottleTests.swift */ = {isa = PBXFileReference; lastKnownFileType = sourcecode.swift; path = SendThrottleTests.swift; sourceTree = "<group>"; };
		DBC08DD66544C1916398438E /* EventClassifierTests.swift */ = {isa = PBXFileReference; lastKnownFileType = sourcecode.swift; path = EventClassifierTests.swift; sourceTree = "<group>"; };
		DCA9CE13BE24FCCD1ED3BF39 /* SendServiceTests.swift */ = {isa = PBXFileReference; lastKnownFileType = sourcecode.swift; path = SendServiceTests.swift; sourceTree = "<group>"; };
		E135F9F368E79F72FAE4B6ED /* PrepStatus.swift */ = {isa = PBXFileReference; lastKnownFileType = sourcecode.swift; path = PrepStatus.swift; sourceTree = "<group>"; };
		E507C0A339C96A42C60B567F /* SendService.swift */ = {isa = PBXFileReference; lastKnownFileType = sourcecode.swift; path = SendService.swift; sourceTree = "<group>"; };
		E51B0E4D5977CCD140484D76 /* DownbeatExportContractTests.swift */ = {isa = PBXFileReference; lastKnownFileType = sourcecode.swift; path = DownbeatExportContractTests.swift; sourceTree = "<group>"; };
		E72D937054FBE261722613B6 /* DownbeatBookingTests.swift */ = {isa = PBXFileReference; lastKnownFileType = sourcecode.swift; path = DownbeatBookingTests.swift; sourceTree = "<group>"; };
		E7401013CA3A714300090BE7 /* SendConfirmationTests.swift */ = {isa = PBXFileReference; lastKnownFileType = sourcecode.swift; path = SendConfirmationTests.swift; sourceTree = "<group>"; };
		E85CCBC10E94DCB73294F923 /* ScoutSchedule.swift */ = {isa = PBXFileReference; lastKnownFileType = sourcecode.swift; path = ScoutSchedule.swift; sourceTree = "<group>"; };
		E894E2E958EE3100C3C5FE02 /* OmniFocusSyncStatusTests.swift */ = {isa = PBXFileReference; lastKnownFileType = sourcecode.swift; path = OmniFocusSyncStatusTests.swift; sourceTree = "<group>"; };
		E94B3BC9042D19E2C6199429 /* PrepRunOutcome.swift */ = {isa = PBXFileReference; lastKnownFileType = sourcecode.swift; path = PrepRunOutcome.swift; sourceTree = "<group>"; };
		EA67F4F05E408D248ACEDE48 /* ConversationWiringTests.swift */ = {isa = PBXFileReference; lastKnownFileType = sourcecode.swift; path = ConversationWiringTests.swift; sourceTree = "<group>"; };
		EBDCFFF39EBE62517CF021C4 /* ReminderSettingsView.swift */ = {isa = PBXFileReference; lastKnownFileType = sourcecode.swift; path = ReminderSettingsView.swift; sourceTree = "<group>"; };
		EC7F3F5FCB2179A316B76715 /* VoiceGuidanceGuard.swift */ = {isa = PBXFileReference; lastKnownFileType = sourcecode.swift; path = VoiceGuidanceGuard.swift; sourceTree = "<group>"; };
		EFD1F0E60FDB8C47C99DBDF3 /* ResultsContractTests.swift */ = {isa = PBXFileReference; lastKnownFileType = sourcecode.swift; path = ResultsContractTests.swift; sourceTree = "<group>"; };
		F3EA9AF70E74993B6FD69522 /* DraftCheckTests.swift */ = {isa = PBXFileReference; lastKnownFileType = sourcecode.swift; path = DraftCheckTests.swift; sourceTree = "<group>"; };
		FD2C520DA2246AB9E1973559 /* GmailCredentialsTests.swift */ = {isa = PBXFileReference; lastKnownFileType = sourcecode.swift; path = GmailCredentialsTests.swift; sourceTree = "<group>"; };
		FD487981CBBF8C44D61938BB /* RankerTests.swift */ = {isa = PBXFileReference; lastKnownFileType = sourcecode.swift; path = RankerTests.swift; sourceTree = "<group>"; };
		FF01B805DA5B480951430061 /* ScoutStatusTests.swift */ = {isa = PBXFileReference; lastKnownFileType = sourcecode.swift; path = ScoutStatusTests.swift; sourceTree = "<group>"; };
/* End PBXFileReference section */

/* Begin PBXGroup section */
		2BE56D2D4CCAC42907146880 /* Products */ = {
			isa = PBXGroup;
			children = (
				C121333725BE3A6DD00F4709 /* Overture.app */,
				48833E92062362801EA65D62 /* OvertureTests.xctest */,
			);
			name = Products;
			sourceTree = "<group>";
		};
		502EA650BC10085494390D1F /* App */ = {
			isa = PBXGroup;
			children = (
				D9B0914E3F338108E97924DF /* OvertureApp.swift */,
				77C9D0C269C0084ADFE58328 /* RootView.swift */,
				CACD3AB4E07DF321F56AE01C /* StoreLocation.swift */,
				780FA66ADB1FB483CA9CAEAB /* StoreLock.swift */,
				78E5F6DE2F1B4741F5F0DF2B /* StoreUnavailableView.swift */,
			);
			path = App;
			sourceTree = "<group>";
		};
		6AE88116F3EF720AE866B7E1 /* OvertureTests */ = {
			isa = PBXGroup;
			children = (
				CD1B2A1E0965458811A3C207 /* AgentRosterTests.swift */,
				BD587798641230016EE94CDA /* AlgoliaCalendarTests.swift */,
				694D5E32D7521B59A78C9414 /* BackgroundServicesGateTests.swift */,
				1942D70A38A419E78AF4D91D /* BookingMatchTests.swift */,
				784094A755CF0B2AF8D904B7 /* CarnegieExtractorTests.swift */,
				0845A26D25EC532196D63BF2 /* ClassificationConfidenceTests.swift */,
				04423CAB808AFFABA409121C /* ClassificationOverrideTests.swift */,
				9D9911D8933E5922C0894D82 /* ConversationNudgeTests.swift */,
				4CA74E69A3B5A93757627A5C /* ConversationReminderConfigTests.swift */,
				7EC7705A1EFBF119680F9328 /* ConversationReminderTests.swift */,
				03CC1D9B940C2E2847738B71 /* ConversationStateTests.swift */,
				EA67F4F05E408D248ACEDE48 /* ConversationWiringTests.swift */,
				12D297D7D973801AE1CBB08A /* DebugStagingTests.swift */,
				073482FF171FDD03F329446D /* DismissedProspectsTests.swift */,
				E72D937054FBE261722613B6 /* DownbeatBookingTests.swift */,
				E51B0E4D5977CCD140484D76 /* DownbeatExportContractTests.swift */,
				B479AD3011405F9BF9A2DA23 /* DownbeatExportHealthTests.swift */,
				5CC8C3FF6F444021E825CFBE /* DownbeatExportWatcherTests.swift */,
				F3EA9AF70E74993B6FD69522 /* DraftCheckTests.swift */,
				96B240AD82A5B280E1AA7B55 /* DraftEditCaptureTests.swift */,
				8C123ECEC709AA3AEFD20BF5 /* EasternDateTests.swift */,
				DBC08DD66544C1916398438E /* EventClassifierTests.swift */,
				441DBB83424EC6B0C89F99C2 /* FeedReconcileTests.swift */,
				58091E7E5682F2DC98DF631F /* FollowUpTests.swift */,
				2787A4F75772AA074BD37003 /* GmailAuthExpiryTests.swift */,
				FD2C520DA2246AB9E1973559 /* GmailCredentialsTests.swift */,
				5D6A768536BCBD7F7BBA2452 /* GmailMessageTests.swift */,
				C3ADC0E8F2B910DDEFF34E45 /* GmailReplyCheckerTests.swift */,
				25CEA888631E3F3292A7A5FB /* GmailSenderTests.swift */,
				50350E8E010D01DD330869F0 /* GoogleOAuthTests.swift */,
				61BFE4E6528A1F2DB7FA5E67 /* GroupNameDriftTests.swift */,
				B730D9D74C05F700D65AB92D /* LocalHistoryContractTests.swift */,
				4C7C1703A7C49EFB8B8309E7 /* LocalHistoryTests.swift */,
				98F9028B89AB5EDEFDADF826 /* LoopbackListenerTests.swift */,
				50569449C10E9C4F6B69BD48 /* MatchingTests.swift */,
				B36D082430691342F0343826 /* NaturalKeyTests.swift */,
				E894E2E958EE3100C3C5FE02 /* OmniFocusSyncStatusTests.swift */,
				1BA8782BE24D5499DA7D1C9A /* OmniFocusSyncTests.swift */,
				483ACB043AC4675CDD9C29AB /* OutcomePatternsTests.swift */,
				AA9397FDF7E49A3E34623AD3 /* OutcomeStatsTests.swift */,
				35A5F71943676BDD3495EB3C /* OvertureDeepLinkTests.swift */,
				00E563EC137DDC54063B7980 /* PrepImporterTests.swift */,
				8346725D57DE5FF79B50AF8B /* PrepQueueContractTests.swift */,
				54DBE94855F8556BD54A8820 /* PrepQueueTests.swift */,
				B20D7FD318D128229C69A6CE /* PrepResultsContractTests.swift */,
				B1417C41A53BFC9C1A9ED6D5 /* PrepRunOutcomeTests.swift */,
				612B38A4015CC81015D5D0B9 /* PrepStatusTests.swift */,
				55D2CD6E3596C49C463321EA /* ProspectAssemblerTests.swift */,
				B1F488479D4DEA383519C548 /* QueueModelTests.swift */,
				57B9D7D606522FE8925BFC1F /* QueuePriorityBreakdownTests.swift */,
				FD487981CBBF8C44D61938BB /* RankerTests.swift */,
				059EDC5EB5C24A84CB9A7C37 /* ReachedOutQueueTests.swift */,
				AF936B56EA75558296D03EFE /* RefreshResponseTests.swift */,
				9BDDA5B65CE959D25BB9239A /* ReplyBodyTests.swift */,
				BE9DD8D0A1B26CB6C411B3FD /* ReplyCaptureTests.swift */,
				C51E45D444B437620D40DC7B /* ReplyClassifyContractTests.swift */,
				29142D7CC954AB5D8C0B6052 /* ReplyClassifyImporterTests.swift */,
				AF4119F46C425347924DB572 /* ReplyClassifyServiceTests.swift */,
				10BF247B7FD0179047746EA2 /* ReplyDetectionTests.swift */,
				EFD1F0E60FDB8C47C99DBDF3 /* ResultsContractTests.swift */,
				78AFDC7DC01B718B9C18B54C /* ResultsImportTests.swift */,
				B03027BBDEDB1185CBDDC376 /* ResultsRunFieldsTests.swift */,
				5BD4279B7F55F3204ADE126D /* RunGroupingTests.swift */,
				CAC9D247A008ECFC97CF33CF /* ScoutFailureTests.swift */,
				2C000452A48174359570CDE9 /* ScoutOutcomeWarningTests.swift */,
				A1E34ACF451D3A4FE053FB7E /* ScoutScheduleTests.swift */,
				75EF1A94243625631CFBC6E7 /* ScoutServiceTests.swift */,
				FF01B805DA5B480951430061 /* ScoutStatusTests.swift */,
				E7401013CA3A714300090BE7 /* SendConfirmationTests.swift */,
				B2E8C30BA496E5958478D6FE /* SendDeadlockGuardTests.swift */,
				DCA9CE13BE24FCCD1ED3BF39 /* SendServiceTests.swift */,
				DA52A2DA17906C043DC938EF /* SendThrottleTests.swift */,
				1E78896912D9D3956B8E19C0 /* StoreLockTests.swift */,
				C37374FD3A2F73C11538500F /* VenueParserTests.swift */,
				B9F7EDB806B788E4A5BE8BC4 /* VoiceFeedbackContractTests.swift */,
				8B66C9CFB43F669F34124D47 /* VoiceFeedbackTests.swift */,
				506D734A84A056EAEF4C60B0 /* VoiceGuidanceGuardTests.swift */,
				31A5557CED5338E486C41325 /* VoiceGuidanceStoreTests.swift */,
				05FC9101B28E619EC58B8E85 /* VoiceNotesProtectorTests.swift */,
			);
			path = OvertureTests;
			sourceTree = "<group>";
		};
		760FACDF4A1B19C347D166DA = {
			isa = PBXGroup;
			children = (
				BA1C6735E048172728A4B964 /* Overture */,
				6AE88116F3EF720AE866B7E1 /* OvertureTests */,
				2BE56D2D4CCAC42907146880 /* Products */,
			);
			sourceTree = "<group>";
		};
		872E107227C99CDB65001C94 /* Persistence */ = {
			isa = PBXGroup;
			children = (
				A04976ED97928B91FDE4C573 /* PrepImporter.swift */,
				63FA3A9DF520050E6151FB89 /* ReplyClassifyImporter.swift */,
				AFE4D30240BCE6CB07CD1713 /* ResultsImporter.swift */,
			);
			path = Persistence;
			sourceTree = "<group>";
		};
		88F4F2B747EDC441DBC68E41 /* Integration */ = {
			isa = PBXGroup;
			children = (
				21E61D4E3018F1962ABE8602 /* AlgoliaCalendar.swift */,
				231902E5D155CC8939CF078E /* AppleScriptOmniFocusClient.swift */,
				1277AABACF169CD59F453422 /* CarnegieExtractor.swift */,
				0E57D965CBEDF36F107333EB /* DetachedRunner.swift */,
				5BE4D1EEE03D1F3B43473EBE /* DownbeatExportWatcher.swift */,
				6E802B334BDB315718EC86C0 /* GmailAuthManager.swift */,
				D1CF189903BC52B8964DFD8B /* GmailCredentials.swift */,
				6908EFE958F78F7313DBEAF3 /* GmailMessage.swift */,
				CED5B3A0D5D7B33059542583 /* GmailReplyChecker.swift */,
				B8241C5C74975C9F06E4B505 /* GmailSender.swift */,
				670A67A482A1C4EAAF8F8355 /* GoogleOAuth.swift */,
				931EEF833D4EAB6EBA62DAB2 /* LoopbackListener.swift */,
				39E6FD194E3EAEC89C465A64 /* MailSender.swift */,
				3ECEC0B6BC82DF1F399A090B /* PrepQueueService.swift */,
				3E566BF21113A106596C9F83 /* ReplyClassifyService.swift */,
				76B93E8FC8C1C412E9F4A274 /* ReplyService.swift */,
				637CE6DCB47850272BCB073A /* ScoutService.swift */,
				E507C0A339C96A42C60B567F /* SendService.swift */,
				29B1B340C5C9A1E6B98D0D4C /* VoiceFeedbackService.swift */,
			);
			path = Integration;
			sourceTree = "<group>";
		};
		B457B80F07D2D0E2ACA057EE /* Domain */ = {
			isa = PBXGroup;
			children = (
				222C952AB1A28F9E5785EFA9 /* AgentRoster.swift */,
				84AE10D36682E3684202FBBE /* BookingMatch.swift */,
				21465867C8C8C91EB41B9F68 /* ClassificationOverride.swift */,
				B2801930347D081A9A4674D2 /* ConversationReminder.swift */,
				82C7BC03DCBF8D7D88007436 /* DebugStaging.swift */,
				65B129F207D7325A80D5360D /* DismissedProspects.swift */,
				BF13A18B3F23144C2AEAF3BD /* DownbeatBooking.swift */,
				829EE2F8C8D00FB6BD62E196 /* DownbeatExport.swift */,
				D3E1EB8F1FD834F2944330EC /* DraftCheck.swift */,
				77B7A4C6AD8EBE8980C25DBC /* EasternDate.swift */,
				A845FED20A605560CC21DB4A /* EventClassifier.swift */,
				ABB209BD8716EB1330E81E67 /* FeedReconcile.swift */,
				45D46431A6EB08AEBB73E8A8 /* FollowUp.swift */,
				ABE40D9C39DD8B70A715F0F2 /* GroupNameMatch.swift */,
				B075FC1DB65AFA2E46FD21A3 /* HistoryMatch.swift */,
				8E8CE9327EAB13D8526847F9 /* LocalHistory.swift */,
				A84298B6C8EA1E8A89770772 /* OmniFocusSync.swift */,
				B2624284F3BAF85D48AF1DC5 /* OmniFocusSyncStatus.swift */,
				5D786A37D92F867863061D6A /* OutcomePatterns.swift */,
				946729B6E11E8A1EDB184CF4 /* OutcomeStats.swift */,
				49F5F8AA3F96586760B26AC8 /* OvertureDeepLink.swift */,
				97E9DA8F6EFABE1B82CE4BE8 /* PrepQueue.swift */,
				A994B8F944AA55C7BF692874 /* PrepResults.swift */,
				E94B3BC9042D19E2C6199429 /* PrepRunOutcome.swift */,
				E135F9F368E79F72FAE4B6ED /* PrepStatus.swift */,
				6C22E2042542477FF4D916B3 /* Prospect.swift */,
				39078CF3F9C3902769283CB8 /* ProspectAssembler.swift */,
				295AFE7FD066E8FA04E4EC2D /* Ranker.swift */,
				06CDC4E814516BA0EF92C56D /* ReachedOutQueue.swift */,
				3705BA568ACF80E4BE5ECBEF /* ReplyClassify.swift */,
				2BEF53A35386C9A1C2BF8967 /* ReplyDetection.swift */,
				952C8BA810BF5FDC67DF259D /* ResultsFile.swift */,
				9E10A3A36DE78E73EF6EAE0B /* ReviewStatus.swift */,
				97DF326E45BD8893672AD58C /* RunGrouping.swift */,
				2730C91E327DE3CA26C11BB6 /* ScoutFailure.swift */,
				E85CCBC10E94DCB73294F923 /* ScoutSchedule.swift */,
				AA8D2818D1C0214152E05C92 /* ScoutStatus.swift */,
				AE4E85FCB552D0FFC474291F /* SendConfirmation.swift */,
				BD454D9A197497DED827E01C /* SendThrottle.swift */,
				BE2828C9E7342BC961B7DF77 /* VenueParser.swift */,
				19DFF66FCAE3F43F3F5966B5 /* VoiceFeedback.swift */,
				EC7F3F5FCB2179A316B76715 /* VoiceGuidanceGuard.swift */,
				40CF6CBD38B166375337761C /* VoiceGuidanceStore.swift */,
				D9D89F1B587811F93E5DB892 /* VoiceNotesProtector.swift */,
			);
			path = Domain;
			sourceTree = "<group>";
		};
		BA1C6735E048172728A4B964 /* Overture */ = {
			isa = PBXGroup;
			children = (
				B30D320FEBBA85BDF8EC7A4F /* Assets.xcassets */,
				63F8BDF3177782E6E83DD846 /* Info.plist */,
				502EA650BC10085494390D1F /* App */,
				B457B80F07D2D0E2ACA057EE /* Domain */,
				88F4F2B747EDC441DBC68E41 /* Integration */,
				872E107227C99CDB65001C94 /* Persistence */,
				CD3F56C6DDA9A71184AC71F8 /* UI */,
			);
			path = Overture;
			sourceTree = "<group>";
		};
		CD3F56C6DDA9A71184AC71F8 /* UI */ = {
			isa = PBXGroup;
			children = (
				A545056FEEAA77E0FFA0D2E6 /* DesignTokens.swift */,
				485074981926D5C2F5966501 /* DismissedView.swift */,
				6D782E08C651DE5D0AA3A899 /* DraftReviewView.swift */,
				420EC153064F83BE06351CC9 /* FollowUpsView.swift */,
				07962FBB80CEC48C06592086 /* OutcomePatternsView.swift */,
				2D9834539BA47D783475B28C /* ProspectRowView.swift */,
				629B1479E6AF604949EB439B /* QueuePriorityBreakdown.swift */,
				5B70E5FB7C632BC18DBABE7E /* QueueView.swift */,
				715B637F291B723A32F86486 /* QueueView+Model.swift */,
				EBDCFFF39EBE62517CF021C4 /* ReminderSettingsView.swift */,
				53E44875CE3B304B81DAA57A /* VoiceGuidanceView.swift */,
				105BB4DA76C70DD7BD210835 /* WrapHStack.swift */,
			);
			path = UI;
			sourceTree = "<group>";
		};
/* End PBXGroup section */

/* Begin PBXNativeTarget section */
		05D51BFAF9ECFC07A5D74730 /* OvertureTests */ = {
			isa = PBXNativeTarget;
			buildConfigurationList = 4495F15233FCA5FA883519C0 /* Build configuration list for PBXNativeTarget "OvertureTests" */;
			buildPhases = (
				D6B1BD86569650B2FCABF5C1 /* Sources */,
			);
			buildRules = (
			);
			dependencies = (
				0F33DE973AE0BD924F1CA1CD /* PBXTargetDependency */,
			);
			name = OvertureTests;
			packageProductDependencies = (
			);
			productName = OvertureTests;
			productReference = 48833E92062362801EA65D62 /* OvertureTests.xctest */;
			productType = "com.apple.product-type.bundle.unit-test";
		};
		677BF9FCF706441D44547ED2 /* Overture */ = {
			isa = PBXNativeTarget;
			buildConfigurationList = D42208946153AC8F4F0A36EF /* Build configuration list for PBXNativeTarget "Overture" */;
			buildPhases = (
				6288D87C956E6ADE07E8B549 /* Sources */,
				AA91CB20186208AA85BEA3A9 /* Resources */,
			);
			buildRules = (
			);
			dependencies = (
			);
			name = Overture;
			packageProductDependencies = (
			);
			productName = Overture;
			productReference = C121333725BE3A6DD00F4709 /* Overture.app */;
			productType = "com.apple.product-type.application";
		};
/* End PBXNativeTarget section */

/* Begin PBXProject section */
		BCA18CFE588C3661CD98276F /* Project object */ = {
			isa = PBXProject;
			attributes = {
				BuildIndependentTargetsInParallel = YES;
				LastUpgradeCheck = 1430;
				TargetAttributes = {
					05D51BFAF9ECFC07A5D74730 = {
						DevelopmentTeam = "";
					};
					677BF9FCF706441D44547ED2 = {
						DevelopmentTeam = "";
					};
				};
			};
			buildConfigurationList = B6034B7F1C24F43BE4637C8B /* Build configuration list for PBXProject "Overture" */;
			developmentRegion = en;
			hasScannedForEncodings = 0;
			knownRegions = (
				Base,
				en,
			);
			mainGroup = 760FACDF4A1B19C347D166DA;
			minimizedProjectReferenceProxies = 1;
			preferredProjectObjectVersion = 77;
			productRefGroup = 2BE56D2D4CCAC42907146880 /* Products */;
			projectDirPath = "";
			projectRoot = "";
			targets = (
				677BF9FCF706441D44547ED2 /* Overture */,
				05D51BFAF9ECFC07A5D74730 /* OvertureTests */,
			);
		};
/* End PBXProject section */

/* Begin PBXResourcesBuildPhase section */
		AA91CB20186208AA85BEA3A9 /* Resources */ = {
			isa = PBXResourcesBuildPhase;
			buildActionMask = 2147483647;
			files = (
				04FB0C39B9A60E2B62710976 /* Assets.xcassets in Resources */,
			);
			runOnlyForDeploymentPostprocessing = 0;
		};
/* End PBXResourcesBuildPhase section */

/* Begin PBXSourcesBuildPhase section */
		6288D87C956E6ADE07E8B549 /* Sources */ = {
			isa = PBXSourcesBuildPhase;
			buildActionMask = 2147483647;
			files = (
				1694B85DAD9F436E1844C9C0 /* AgentRoster.swift in Sources */,
				DDE9A993CA6F315D1BBB4F1F /* AlgoliaCalendar.swift in Sources */,
				A5AD8D5BA082FC4CA9E2F5AB /* AppleScriptOmniFocusClient.swift in Sources */,
				1AA5848075651F3A40AEBDAD /* BookingMatch.swift in Sources */,
				E953E2F9A05320E3CF28DD80 /* CarnegieExtractor.swift in Sources */,
				B8F2869EDCD83DED941DE6E0 /* ClassificationOverride.swift in Sources */,
				7EC6B0360270BCF39E601CD0 /* ConversationReminder.swift in Sources */,
				5E6E4CB3A53EEE5B76FB0587 /* DebugStaging.swift in Sources */,
				5ED4B798A43C3E9F7B28EDCC /* DesignTokens.swift in Sources */,
				338B85F9DFDF5F18A24BCC94 /* DetachedRunner.swift in Sources */,
				7AB8E71A600DA6C16E3208AB /* DismissedProspects.swift in Sources */,
				3037E07771AF036EB6D4273A /* DismissedView.swift in Sources */,
				6FC0ABF1EB00A87FCB142AA2 /* DownbeatBooking.swift in Sources */,
				18700AD6424BB82913D7E382 /* DownbeatExport.swift in Sources */,
				EEE094F2F6A96DF7F981E8C5 /* DownbeatExportWatcher.swift in Sources */,
				BCC0290EE5CB3895E45F2342 /* DraftCheck.swift in Sources */,
				90CA73A27C4A3C68277252B5 /* DraftReviewView.swift in Sources */,
				29ECCDE20E72B39D76A47A4B /* EasternDate.swift in Sources */,
				2ABBB3241344B53212BD04D3 /* EventClassifier.swift in Sources */,
				05D91246C0C5C2780C852575 /* FeedReconcile.swift in Sources */,
				F7C5DE7D218DC9B925774F2E /* FollowUp.swift in Sources */,
				95FA968A34EE5F74D750A3F0 /* FollowUpsView.swift in Sources */,
				77E83EF2B852E9BB09E8C4F7 /* GmailAuthManager.swift in Sources */,
				C19ECEA717481E97DFA33E2C /* GmailCredentials.swift in Sources */,
				FB3A213BC2DB7F321180556B /* GmailMessage.swift in Sources */,
				766A7F7AE14436E13E6294BD /* GmailReplyChecker.swift in Sources */,
				CF5F5ADAD4D52546E3B96EA4 /* GmailSender.swift in Sources */,
				03BD933CCB910DF9DDAE98CF /* GoogleOAuth.swift in Sources */,
				7E190456B52B9E5C862DBDE5 /* GroupNameMatch.swift in Sources */,
				92549E91C36C3AFFCA9118F6 /* HistoryMatch.swift in Sources */,
				FEB51866278C885610064F34 /* LocalHistory.swift in Sources */,
				E7430F3B28C911A906E599AE /* LoopbackListener.swift in Sources */,
				4B822A1013C867F99F2E5314 /* MailSender.swift in Sources */,
				CB5A089F01B10360E03F9392 /* OmniFocusSync.swift in Sources */,
				5FCB7C6FFF471C66FCAE9635 /* OmniFocusSyncStatus.swift in Sources */,
				88C7EEA480F528B5A4BE2811 /* OutcomePatterns.swift in Sources */,
				1A9C5E4F6E40B8D0FB155B14 /* OutcomePatternsView.swift in Sources */,
				917A4DA074AC19F9B7821AF1 /* OutcomeStats.swift in Sources */,
				5745D44FC39BED4239569B2F /* OvertureApp.swift in Sources */,
				69A8DE8FB97DB577756D081C /* OvertureDeepLink.swift in Sources */,
				C40875617FC4C60F43BFA6D4 /* PrepImporter.swift in Sources */,
				CFD4386F273F2151A04916FC /* PrepQueue.swift in Sources */,
				18316584EF8D9A33C1A80166 /* PrepQueueService.swift in Sources */,
				DA4AC8C2D48649D2D8EE6C0B /* PrepResults.swift in Sources */,
				3F5371F399F0A712055BD033 /* PrepRunOutcome.swift in Sources */,
				4A125A73DBC9E95E9B806451 /* PrepStatus.swift in Sources */,
				73679705D41DA095CC9189DC /* Prospect.swift in Sources */,
				E887FF57AD484D520F4726D9 /* ProspectAssembler.swift in Sources */,
				84F2B198166270B48CFCCBCF /* ProspectRowView.swift in Sources */,
				1722A20B5F53B06DCF2A5823 /* QueuePriorityBreakdown.swift in Sources */,
				34B4D59778B45482B07FEE79 /* QueueView+Model.swift in Sources */,
				57B5039B6CAA5732DF7AE178 /* QueueView.swift in Sources */,
				B2D2ED69408C169F9F1658C6 /* Ranker.swift in Sources */,
				78B72D987F7222A94824F7BF /* ReachedOutQueue.swift in Sources */,
				A568A105B754E3A220EDD917 /* ReminderSettingsView.swift in Sources */,
				517C12902DACDC5C274A4F58 /* ReplyClassify.swift in Sources */,
				3388761FEC1F69E485F9BDC4 /* ReplyClassifyImporter.swift in Sources */,
				29E12F00DB84C430B0532105 /* ReplyClassifyService.swift in Sources */,
				4E714A9C55362471DE98AFE2 /* ReplyDetection.swift in Sources */,
				C1173E800878BB4F747E2273 /* ReplyService.swift in Sources */,
				03EB45B1FFE5868B0653E16F /* ResultsFile.swift in Sources */,
				E46CE1A0D702152776B43826 /* ResultsImporter.swift in Sources */,
				5D1832C1333785994C5F20DB /* ReviewStatus.swift in Sources */,
				A0AC29DD8EE01334319CAAD5 /* RootView.swift in Sources */,
				C765AE9C8AF8A97CA627D61B /* RunGrouping.swift in Sources */,
				21840BD7971149E338692C04 /* ScoutFailure.swift in Sources */,
				F9A4D696E5BF48F27EE0BCDB /* ScoutSchedule.swift in Sources */,
				4A9031E5AE33243B77A5A3E3 /* ScoutService.swift in Sources */,
				5D04BB2281702E508DADFE68 /* ScoutStatus.swift in Sources */,
				E8028E2B5F26AD6C323F09EF /* SendConfirmation.swift in Sources */,
				04FA610FA66C8446BAD3F238 /* SendService.swift in Sources */,
				A24B8F8D657AAD85A05B39AF /* SendThrottle.swift in Sources */,
				C16DF56D58BFC994D195EF2F /* StoreLocation.swift in Sources */,
				1412FC939FC74701F566D9E8 /* StoreLock.swift in Sources */,
				59A313955951CF379E5B5673 /* StoreUnavailableView.swift in Sources */,
				41747B4672D16BCEB36AA517 /* VenueParser.swift in Sources */,
				2E8DCD09C802F75E5E46908F /* VoiceFeedback.swift in Sources */,
				EFC964E697651DC1E488C4B3 /* VoiceFeedbackService.swift in Sources */,
				F7AD03FD6783102EF0485DD6 /* VoiceGuidanceGuard.swift in Sources */,
				21AA135FFF98410085B2813E /* VoiceGuidanceStore.swift in Sources */,
				B5A59385FB8E1AEB9C710B47 /* VoiceGuidanceView.swift in Sources */,
				22332F4AA3C22E6ED68DD49C /* VoiceNotesProtector.swift in Sources */,
				E6D15D19508EDE0B6F3701AD /* WrapHStack.swift in Sources */,
			);
			runOnlyForDeploymentPostprocessing = 0;
		};
		D6B1BD86569650B2FCABF5C1 /* Sources */ = {
			isa = PBXSourcesBuildPhase;
			buildActionMask = 2147483647;
			files = (
				FBB014F565369838DFA38489 /* AgentRosterTests.swift in Sources */,
				DD72945D29200E20650D5F29 /* AlgoliaCalendarTests.swift in Sources */,
				3487AC4739F6C400D59C5D37 /* BackgroundServicesGateTests.swift in Sources */,
				5AD1245BE8998703FD5283CE /* BookingMatchTests.swift in Sources */,
				97EE5CE422009747138E8D43 /* CarnegieExtractorTests.swift in Sources */,
				3F8AA010C237FC233C3FC20F /* ClassificationConfidenceTests.swift in Sources */,
				D94B2CC284F406DF250C901C /* ClassificationOverrideTests.swift in Sources */,
				002F65577039033C65F21F56 /* ConversationNudgeTests.swift in Sources */,
				287E64C2FFCF0A71B0C48561 /* ConversationReminderConfigTests.swift in Sources */,
				FB3EF2A3C42A87EC4BD43E42 /* ConversationReminderTests.swift in Sources */,
				CC2314C11B59D0B0BAE7CE95 /* ConversationStateTests.swift in Sources */,
				E9489A0304A44FF62806C6BE /* ConversationWiringTests.swift in Sources */,
				6BE6B47CCDB76B5FCCFB5F56 /* DebugStagingTests.swift in Sources */,
				C7775A1D20DC00F8E256642B /* DismissedProspectsTests.swift in Sources */,
				1BF4811736AD0C8A914EFCF1 /* DownbeatBookingTests.swift in Sources */,
				7B4E721B2BC1ECCAFD669A5F /* DownbeatExportContractTests.swift in Sources */,
				E745C2E2C77CCB9211C59B71 /* DownbeatExportHealthTests.swift in Sources */,
				A113F3E85716A3058EA808D2 /* DownbeatExportWatcherTests.swift in Sources */,
				7FFF341FBAFA2D247ABF7B7C /* DraftCheckTests.swift in Sources */,
				191BE98966E82792937090D4 /* DraftEditCaptureTests.swift in Sources */,
				21606EC3DBB109B353217315 /* EasternDateTests.swift in Sources */,
				E2FCB5236D9D9C6A83D80373 /* EventClassifierTests.swift in Sources */,
				EC080F32703E24DB1A478221 /* FeedReconcileTests.swift in Sources */,
				D6427CB831C0CA5366638D5A /* FollowUpTests.swift in Sources */,
				DAC5893A8F90B32F203F4558 /* GmailAuthExpiryTests.swift in Sources */,
				2C1A6A90642532237C113230 /* GmailCredentialsTests.swift in Sources */,
				DBEAF2D810698FF79222656D /* GmailMessageTests.swift in Sources */,
				5D645B6D0343266BEFF839BC /* GmailReplyCheckerTests.swift in Sources */,
				04602E0E963B445CB6DCC62D /* GmailSenderTests.swift in Sources */,
				7276BAF9E3E0B280F4137B92 /* GoogleOAuthTests.swift in Sources */,
				3036B8BD103E67917232F4FB /* GroupNameDriftTests.swift in Sources */,
				5A3B535D68CD68F9E18AF534 /* LocalHistoryContractTests.swift in Sources */,
				FA01CA7C102A7796B07EC9AF /* LocalHistoryTests.swift in Sources */,
				870FF7F88E5ABBC8CC257B6A /* LoopbackListenerTests.swift in Sources */,
				EAC2553E7EBE5ECE02E367FD /* MatchingTests.swift in Sources */,
				B59A9FC6B274B0F898E07406 /* NaturalKeyTests.swift in Sources */,
				E74059D0F45EA6B681F8B8A8 /* OmniFocusSyncStatusTests.swift in Sources */,
				4DCA874D8ADB734AECF85EE3 /* OmniFocusSyncTests.swift in Sources */,
				24D810620C56EC99120BB281 /* OutcomePatternsTests.swift in Sources */,
				55ADB22C6520C4D9771237A4 /* OutcomeStatsTests.swift in Sources */,
				FAD40EB13C04E1CCFB213436 /* OvertureDeepLinkTests.swift in Sources */,
				0C90443179FCBB3A84CDA21C /* PrepImporterTests.swift in Sources */,
				AFB90DA74925D502FFDDD5E0 /* PrepQueueContractTests.swift in Sources */,
				70E410EE901D702377FF76E1 /* PrepQueueTests.swift in Sources */,
				809AB4DF21951B7CA0714665 /* PrepResultsContractTests.swift in Sources */,
				296BF3F101572A9ED142164B /* PrepRunOutcomeTests.swift in Sources */,
				19D8357A742F93A6B2EC8CA5 /* PrepStatusTests.swift in Sources */,
				D1DA16CE093E998F279DC660 /* ProspectAssemblerTests.swift in Sources */,
				D3D1FD57D74D4440175FCB03 /* QueueModelTests.swift in Sources */,
				37372F3559560F0C3B090AFF /* QueuePriorityBreakdownTests.swift in Sources */,
				06A4CFEDC7146983E2305A8F /* RankerTests.swift in Sources */,
				B8FD5B15041C7E93CD754809 /* ReachedOutQueueTests.swift in Sources */,
				1753A6B08FB04DDDD79F5CE6 /* RefreshResponseTests.swift in Sources */,
				7787427A33E165B7429D8157 /* ReplyBodyTests.swift in Sources */,
				247D69C7824F604FFE3E7B02 /* ReplyCaptureTests.swift in Sources */,
				45A4545A8567FAF7D2D582AA /* ReplyClassifyContractTests.swift in Sources */,
				4561D5BCF0070354147EB4B7 /* ReplyClassifyImporterTests.swift in Sources */,
				2D6E968D35B8718DFF45DFFB /* ReplyClassifyServiceTests.swift in Sources */,
				760ED1E077A4CAD241B5DDFE /* ReplyDetectionTests.swift in Sources */,
				461D1DDCF415D650208911E6 /* ResultsContractTests.swift in Sources */,
				A8CD2E0531E96EFEA5557C36 /* ResultsImportTests.swift in Sources */,
				2B99C455E24C75B4CCDC3ADF /* ResultsRunFieldsTests.swift in Sources */,
				FCB2C21AD54A8CED6C8EA538 /* RunGroupingTests.swift in Sources */,
				97DCA8924C3656DB65531CD8 /* ScoutFailureTests.swift in Sources */,
				C673577557212A661D01E532 /* ScoutOutcomeWarningTests.swift in Sources */,
				0E4306B2FECBB993459C09B2 /* ScoutScheduleTests.swift in Sources */,
				6E193C64F2947CB03E7A7F42 /* ScoutServiceTests.swift in Sources */,
				BAFBBEF83992A1D7340C8D9C /* ScoutStatusTests.swift in Sources */,
				E82E5F721B14BDEB66C1CB9F /* SendConfirmationTests.swift in Sources */,
				2F0E3B5CD3B7745B2347EEF4 /* SendDeadlockGuardTests.swift in Sources */,
				947B8AF36612B7183C02B452 /* SendServiceTests.swift in Sources */,
				4FFA01E44380C4A3FC2C27AF /* SendThrottleTests.swift in Sources */,
				8E9463BC1FB432C082861730 /* StoreLockTests.swift in Sources */,
				5C6A5AD503A4296B257C2D26 /* VenueParserTests.swift in Sources */,
				87258FE39A6B9C5201345588 /* VoiceFeedbackContractTests.swift in Sources */,
				7FB57FCEB1568197A488E8AC /* VoiceFeedbackTests.swift in Sources */,
				7242EF6BE729BFC0B62B0348 /* VoiceGuidanceGuardTests.swift in Sources */,
				46547F0746C4A035670849CF /* VoiceGuidanceStoreTests.swift in Sources */,
				3039C48DCE9F45B9601280A8 /* VoiceNotesProtectorTests.swift in Sources */,
			);
			runOnlyForDeploymentPostprocessing = 0;
		};
/* End PBXSourcesBuildPhase section */

/* Begin PBXTargetDependency section */
		0F33DE973AE0BD924F1CA1CD /* PBXTargetDependency */ = {
			isa = PBXTargetDependency;
			target = 677BF9FCF706441D44547ED2 /* Overture */;
			targetProxy = 9ACDB5C01CB0BB994E037C1C /* PBXContainerItemProxy */;
		};
/* End PBXTargetDependency section */

/* Begin XCBuildConfiguration section */
		0A31CC3459F7CC2FEDAEC1E5 /* Release */ = {
			isa = XCBuildConfiguration;
			buildSettings = {
				BUNDLE_LOADER = "$(TEST_HOST)";
				COMBINE_HIDPI_IMAGES = YES;
				GENERATE_INFOPLIST_FILE = YES;
				LD_RUNPATH_SEARCH_PATHS = (
					"$(inherited)",
					"@executable_path/../Frameworks",
					"@loader_path/../Frameworks",
				);
				PRODUCT_BUNDLE_IDENTIFIER = com.danwright.overture.tests;
				SDKROOT = macosx;
				TEST_HOST = "$(BUILT_PRODUCTS_DIR)/Overture.app/Contents/MacOS/Overture";
			};
			name = Release;
		};
		2373620FCEAA91F64577A5E9 /* Debug */ = {
			isa = XCBuildConfiguration;
			buildSettings = {
				BUNDLE_LOADER = "$(TEST_HOST)";
				COMBINE_HIDPI_IMAGES = YES;
				GENERATE_INFOPLIST_FILE = YES;
				LD_RUNPATH_SEARCH_PATHS = (
					"$(inherited)",
					"@executable_path/../Frameworks",
					"@loader_path/../Frameworks",
				);
				PRODUCT_BUNDLE_IDENTIFIER = com.danwright.overture.tests;
				SDKROOT = macosx;
				TEST_HOST = "$(BUILT_PRODUCTS_DIR)/Overture.app/Contents/MacOS/Overture";
			};
			name = Debug;
		};
		3963AD8B560B2D06D13967D1 /* Release */ = {
			isa = XCBuildConfiguration;
			buildSettings = {
				ALWAYS_SEARCH_USER_PATHS = NO;
				CLANG_ANALYZER_NONNULL = YES;
				CLANG_ANALYZER_NUMBER_OBJECT_CONVERSION = YES_AGGRESSIVE;
				CLANG_CXX_LANGUAGE_STANDARD = "gnu++14";
				CLANG_CXX_LIBRARY = "libc++";
				CLANG_ENABLE_MODULES = YES;
				CLANG_ENABLE_OBJC_ARC = YES;
				CLANG_ENABLE_OBJC_WEAK = YES;
				CLANG_WARN_BLOCK_CAPTURE_AUTORELEASING = YES;
				CLANG_WARN_BOOL_CONVERSION = YES;
				CLANG_WARN_COMMA = YES;
				CLANG_WARN_CONSTANT_CONVERSION = YES;
				CLANG_WARN_DEPRECATED_OBJC_IMPLEMENTATIONS = YES;
				CLANG_WARN_DIRECT_OBJC_ISA_USAGE = YES_ERROR;
				CLANG_WARN_DOCUMENTATION_COMMENTS = YES;
				CLANG_WARN_EMPTY_BODY = YES;
				CLANG_WARN_ENUM_CONVERSION = YES;
				CLANG_WARN_INFINITE_RECURSION = YES;
				CLANG_WARN_INT_CONVERSION = YES;
				CLANG_WARN_NON_LITERAL_NULL_CONVERSION = YES;
				CLANG_WARN_OBJC_IMPLICIT_RETAIN_SELF = YES;
				CLANG_WARN_OBJC_LITERAL_CONVERSION = YES;
				CLANG_WARN_OBJC_ROOT_CLASS = YES_ERROR;
				CLANG_WARN_QUOTED_INCLUDE_IN_FRAMEWORK_HEADER = YES;
				CLANG_WARN_RANGE_LOOP_ANALYSIS = YES;
				CLANG_WARN_STRICT_PROTOTYPES = YES;
				CLANG_WARN_SUSPICIOUS_MOVE = YES;
				CLANG_WARN_UNGUARDED_AVAILABILITY = YES_AGGRESSIVE;
				CLANG_WARN_UNREACHABLE_CODE = YES;
				CLANG_WARN__DUPLICATE_METHOD_MATCH = YES;
				CODE_SIGN_IDENTITY = "-";
				COPY_PHASE_STRIP = NO;
				CURRENT_PROJECT_VERSION = 1;
				DEBUG_INFORMATION_FORMAT = "dwarf-with-dsym";
				DEVELOPMENT_TEAM = "";
				ENABLE_APP_SANDBOX = NO;
				ENABLE_HARDENED_RUNTIME = YES;
				ENABLE_NS_ASSERTIONS = NO;
				ENABLE_STRICT_OBJC_MSGSEND = YES;
				GCC_C_LANGUAGE_STANDARD = gnu11;
				GCC_NO_COMMON_BLOCKS = YES;
				GCC_WARN_64_TO_32_BIT_CONVERSION = YES;
				GCC_WARN_ABOUT_RETURN_TYPE = YES_ERROR;
				GCC_WARN_UNDECLARED_SELECTOR = YES;
				GCC_WARN_UNINITIALIZED_AUTOS = YES_AGGRESSIVE;
				GCC_WARN_UNUSED_FUNCTION = YES;
				GCC_WARN_UNUSED_VARIABLE = YES;
				MACOSX_DEPLOYMENT_TARGET = 14.0;
				MARKETING_VERSION = 0.1.0;
				MTL_ENABLE_DEBUG_INFO = NO;
				MTL_FAST_MATH = YES;
				PRODUCT_NAME = "$(TARGET_NAME)";
				SDKROOT = macosx;
				SWIFT_COMPILATION_MODE = wholemodule;
				SWIFT_OPTIMIZATION_LEVEL = "-O";
				SWIFT_VERSION = 6.0;
			};
			name = Release;
		};
		50D6D05CAE99B59CD58B609D /* Debug */ = {
			isa = XCBuildConfiguration;
			buildSettings = {
				ALWAYS_SEARCH_USER_PATHS = NO;
				CLANG_ANALYZER_NONNULL = YES;
				CLANG_ANALYZER_NUMBER_OBJECT_CONVERSION = YES_AGGRESSIVE;
				CLANG_CXX_LANGUAGE_STANDARD = "gnu++14";
				CLANG_CXX_LIBRARY = "libc++";
				CLANG_ENABLE_MODULES = YES;
				CLANG_ENABLE_OBJC_ARC = YES;
				CLANG_ENABLE_OBJC_WEAK = YES;
				CLANG_WARN_BLOCK_CAPTURE_AUTORELEASING = YES;
				CLANG_WARN_BOOL_CONVERSION = YES;
				CLANG_WARN_COMMA = YES;
				CLANG_WARN_CONSTANT_CONVERSION = YES;
				CLANG_WARN_DEPRECATED_OBJC_IMPLEMENTATIONS = YES;
				CLANG_WARN_DIRECT_OBJC_ISA_USAGE = YES_ERROR;
				CLANG_WARN_DOCUMENTATION_COMMENTS = YES;
				CLANG_WARN_EMPTY_BODY = YES;
				CLANG_WARN_ENUM_CONVERSION = YES;
				CLANG_WARN_INFINITE_RECURSION = YES;
				CLANG_WARN_INT_CONVERSION = YES;
				CLANG_WARN_NON_LITERAL_NULL_CONVERSION = YES;
				CLANG_WARN_OBJC_IMPLICIT_RETAIN_SELF = YES;
				CLANG_WARN_OBJC_LITERAL_CONVERSION = YES;
				CLANG_WARN_OBJC_ROOT_CLASS = YES_ERROR;
				CLANG_WARN_QUOTED_INCLUDE_IN_FRAMEWORK_HEADER = YES;
				CLANG_WARN_RANGE_LOOP_ANALYSIS = YES;
				CLANG_WARN_STRICT_PROTOTYPES = YES;
				CLANG_WARN_SUSPICIOUS_MOVE = YES;
				CLANG_WARN_UNGUARDED_AVAILABILITY = YES_AGGRESSIVE;
				CLANG_WARN_UNREACHABLE_CODE = YES;
				CLANG_WARN__DUPLICATE_METHOD_MATCH = YES;
				CODE_SIGN_IDENTITY = "-";
				COPY_PHASE_STRIP = NO;
				CURRENT_PROJECT_VERSION = 1;
				DEBUG_INFORMATION_FORMAT = dwarf;
				DEVELOPMENT_TEAM = "";
				ENABLE_APP_SANDBOX = NO;
				ENABLE_HARDENED_RUNTIME = YES;
				ENABLE_STRICT_OBJC_MSGSEND = YES;
				ENABLE_TESTABILITY = YES;
				GCC_C_LANGUAGE_STANDARD = gnu11;
				GCC_DYNAMIC_NO_PIC = NO;
				GCC_NO_COMMON_BLOCKS = YES;
				GCC_OPTIMIZATION_LEVEL = 0;
				GCC_PREPROCESSOR_DEFINITIONS = (
					"$(inherited)",
					"DEBUG=1",
				);
				GCC_WARN_64_TO_32_BIT_CONVERSION = YES;
				GCC_WARN_ABOUT_RETURN_TYPE = YES_ERROR;
				GCC_WARN_UNDECLARED_SELECTOR = YES;
				GCC_WARN_UNINITIALIZED_AUTOS = YES_AGGRESSIVE;
				GCC_WARN_UNUSED_FUNCTION = YES;
				GCC_WARN_UNUSED_VARIABLE = YES;
				MACOSX_DEPLOYMENT_TARGET = 14.0;
				MARKETING_VERSION = 0.1.0;
				MTL_ENABLE_DEBUG_INFO = INCLUDE_SOURCE;
				MTL_FAST_MATH = YES;
				ONLY_ACTIVE_ARCH = YES;
				PRODUCT_NAME = "$(TARGET_NAME)";
				SDKROOT = macosx;
				SWIFT_ACTIVE_COMPILATION_CONDITIONS = DEBUG;
				SWIFT_OPTIMIZATION_LEVEL = "-Onone";
				SWIFT_VERSION = 6.0;
			};
			name = Debug;
		};
		D47BF81077C386E1B0B8C162 /* Release */ = {
			isa = XCBuildConfiguration;
			buildSettings = {
				ASSETCATALOG_COMPILER_APPICON_NAME = AppIcon;
				COMBINE_HIDPI_IMAGES = YES;
				GENERATE_INFOPLIST_FILE = NO;
				INFOPLIST_FILE = Overture/Info.plist;
				LD_RUNPATH_SEARCH_PATHS = (
					"$(inherited)",
					"@executable_path/../Frameworks",
				);
				PRODUCT_BUNDLE_IDENTIFIER = com.danwright.overture;
				SDKROOT = macosx;
			};
			name = Release;
		};
		FB3E3EAA209E4191A8886BE7 /* Debug */ = {
			isa = XCBuildConfiguration;
			buildSettings = {
				ASSETCATALOG_COMPILER_APPICON_NAME = AppIcon;
				COMBINE_HIDPI_IMAGES = YES;
				GENERATE_INFOPLIST_FILE = NO;
				INFOPLIST_FILE = Overture/Info.plist;
				LD_RUNPATH_SEARCH_PATHS = (
					"$(inherited)",
					"@executable_path/../Frameworks",
				);
				PRODUCT_BUNDLE_IDENTIFIER = com.danwright.overture;
				SDKROOT = macosx;
			};
			name = Debug;
		};
/* End XCBuildConfiguration section */

/* Begin XCConfigurationList section */
		4495F15233FCA5FA883519C0 /* Build configuration list for PBXNativeTarget "OvertureTests" */ = {
			isa = XCConfigurationList;
			buildConfigurations = (
				2373620FCEAA91F64577A5E9 /* Debug */,
				0A31CC3459F7CC2FEDAEC1E5 /* Release */,
			);
			defaultConfigurationIsVisible = 0;
			defaultConfigurationName = Debug;
		};
		B6034B7F1C24F43BE4637C8B /* Build configuration list for PBXProject "Overture" */ = {
			isa = XCConfigurationList;
			buildConfigurations = (
				50D6D05CAE99B59CD58B609D /* Debug */,
				3963AD8B560B2D06D13967D1 /* Release */,
			);
			defaultConfigurationIsVisible = 0;
			defaultConfigurationName = Debug;
		};
		D42208946153AC8F4F0A36EF /* Build configuration list for PBXNativeTarget "Overture" */ = {
			isa = XCConfigurationList;
			buildConfigurations = (
				FB3E3EAA209E4191A8886BE7 /* Debug */,
				D47BF81077C386E1B0B8C162 /* Release */,
			);
			defaultConfigurationIsVisible = 0;
			defaultConfigurationName = Debug;
		};
/* End XCConfigurationList section */
	};
	rootObject = BCA18CFE588C3661CD98276F /* Project object */;
}
